PODS:
  - AzureCommunicationCalling (2.18.4):
    - AzureCommunicationCommon (~> 1.0)
  - AzureCommunicationCommon (1.3.8)
  - SwiftGen (6.6.3)
  - SwiftLint (0.65.1)

DEPENDENCIES:
  - AzureCommunicationCalling (from `https://raw.githubusercontent.com/Azure/azure-sdk-for-ios/AzureCommunicationCalling_2.18.4/sdk/communication/AzureCommunicationCalling/AzureCommunicationCalling.podspec.json`)
  - SwiftGen (~> 6.0)
  - SwiftLint (~> 0.65)

SPEC REPOS:
  trunk:
    - AzureCommunicationCommon
    - SwiftGen
    - SwiftLint

EXTERNAL SOURCES:
  AzureCommunicationCalling:
    :podspec: https://raw.githubusercontent.com/Azure/azure-sdk-for-ios/AzureCommunicationCalling_2.18.4/sdk/communication/AzureCommunicationCalling/AzureCommunicationCalling.podspec.json

SPEC CHECKSUMS:
  AzureCommunicationCalling: cf184eda996232ad05041ffbd537294663cddce1
  AzureCommunicationCommon: 8280ee7cd56aed5b141545f88f95674a3e66fabf
  SwiftGen: 4993cbf71cbc4886f775e26f8d5c3a1188ec9f99
  SwiftLint: 7d51ad56923e88694cee5ca806dbbab30f85eaaa

PODFILE CHECKSUM: 857b84f089081c2d0e84fb7811b18c05c29ad38d

COCOAPODS: 1.17.0
