// !$*UTF8*$!
{
	archiveVersion = 1;
	classes = {
	};
	objectVersion = 52;
	objects = {

/* Begin PBXBuildFile section */
		E11F4EB829EFA54700D39816 /* AmazonChimeSDK.xcframework in Frameworks */ = {isa = PBXBuildFile; fileRef = E11F4EB629EFA54600D39816 /* AmazonChimeSDK.xcframework */; };
		E11F4EB929EFA54700D39816 /* AmazonChimeSDK.xcframework in Embed Frameworks */ = {isa = PBXBuildFile; fileRef = E11F4EB629EFA54600D39816 /* AmazonChimeSDK.xcframework */; settings = {ATTRIBUTES = (CodeSignOnCopy, RemoveHeadersOnCopy, ); }; };
		E11F4EBA29EFA54700D39816 /* AmazonChimeSDKMedia.xcframework in Frameworks */ = {isa = PBXBuildFile; fileRef = E11F4EB729EFA54700D39816 /* AmazonChimeSDKMedia.xcframework */; };
		E11F4EBB29EFA54700D39816 /* AmazonChimeSDKMedia.xcframework in Embed Frameworks */ = {isa = PBXBuildFile; fileRef = E11F4EB729EFA54700D39816 /* AmazonChimeSDKMedia.xcframework */; settings = {ATTRIBUTES = (CodeSignOnCopy, RemoveHeadersOnCopy, ); }; };
		E1D03DAA29DDE2510061E831 /* Settings.bundle in Resources */ = {isa = PBXBuildFile; fileRef = E1D03DA929DDE2510061E831 /* Settings.bundle */; };
		E9E970154CE4DA57BDFDBB82 /* CLLocationCoordinate2D+Codable.swift in Sources */ = {isa = PBXBuildFile; fileRef = E9E971BAD21CD422E07B49CA /* CLLocationCoordinate2D+Codable.swift */; };
		E9E97019B37499CA04712337 /* Tower_iOSUITests.swift in Sources */ = {isa = PBXBuildFile; fileRef = E9E9716E829BE958A2504321 /* Tower_iOSUITests.swift */; };
		E9E9703F5A4E3253CBF969A2 /* Strings.stencil in Resources */ = {isa = PBXBuildFile; fileRef = E9E97449F17B1C6ABD985920 /* Strings.stencil */; };
		E9E970595F70053E9C579045 /* Location.swift in Sources */ = {isa = PBXBuildFile; fileRef = E9E9780CA784F10F6DA82E56 /* Location.swift */; };
		E9E9708D48B02103D0D3FDF3 /* JSONDecoder+shared.swift in Sources */ = {isa = PBXBuildFile; fileRef = E9E973C816FD9EF73B5606F6 /* JSONDecoder+shared.swift */; };
		E9E971EA7EED860BC42B0029 /* PreviewProvider+env.swift in Sources */ = {isa = PBXBuildFile; fileRef = E9E97F1B5AB45A46393533FC /* PreviewProvider+env.swift */; };
		E9E971EB19779781F28DA3D6 /* TowerEnvironment.swift in Sources */ = {isa = PBXBuildFile; fileRef = E9E9700F363770A1847466DE /* TowerEnvironment.swift */; };
		E9E9723D2463B5A09B3C2EEE /* LeadingIconLabelStyle.swift in Sources */ = {isa = PBXBuildFile; fileRef = E9E97CC102CAF905C77A7414 /* LeadingIconLabelStyle.swift */; };
		E9E97293EE5E7BBDD50F4281 /* JSONEncoder+shared.swift in Sources */ = {isa = PBXBuildFile; fileRef = E9E970A6EA11E43D2888ECD5 /* JSONEncoder+shared.swift */; };
		E9E972A064B4EECA6E5DE6DE /* Assets+Generated.swift in Sources */ = {isa = PBXBuildFile; fileRef = E9E973F83FB2243F93C24577 /* Assets+Generated.swift */; };
		E9E972AA45FF24396D4D2597 /* CallController.swift in Sources */ = {isa = PBXBuildFile; fileRef = E9E9787B1722DC8C49605991 /* CallController.swift */; };
		E9E972ED7746A4DADA73309F /* Bool+else.swift in Sources */ = {isa = PBXBuildFile; fileRef = E9E97E5A9111D126202C0CB4 /* Bool+else.swift */; };
		E9E97475D6643D80F248B3A7 /* Wrapper.swift in Sources */ = {isa = PBXBuildFile; fileRef = E9E979C360B6E8A4C2F1D458 /* Wrapper.swift */; };
		E9E974D189DE37E8BD13DC81 /* ErrorWrapper.swift in Sources */ = {isa = PBXBuildFile; fileRef = E9E97EFFD492CB4CD07DBB2A /* ErrorWrapper.swift */; };
		E9E975E90CDBECC6A22C2BE3 /* Tower_iOSUITestsLaunchTests.swift in Sources */ = {isa = PBXBuildFile; fileRef = E9E973E2575686E9297841D8 /* Tower_iOSUITestsLaunchTests.swift */; };
		E9E976708DDB581904D3D353 /* Tower_iOSApp.swift in Sources */ = {isa = PBXBuildFile; fileRef = E9E97B1C26E03B3C913AE967 /* Tower_iOSApp.swift */; };
		E9E976D5D9A332B0540EA16C /* swiftgen.sh in Resources */ = {isa = PBXBuildFile; fileRef = E9E97B8B66372C78A442F83F /* swiftgen.sh */; };
		E9E976F42D1E4BAA7BAAF7BE /* Settings.stencil in Resources */ = {isa = PBXBuildFile; fileRef = E9E97082EE84DC39CD0A5259 /* Settings.stencil */; };
		E9E9773EFE2B1DCFC3F67310 /* swiftgenInputFiles.xcfilelist in Resources */ = {isa = PBXBuildFile; fileRef = E9E9739962E5C94DE982482A /* swiftgenInputFiles.xcfilelist */; };
		E9E9775BEDEF26BE1277B6BC /* ErrorView.swift in Sources */ = {isa = PBXBuildFile; fileRef = E9E97D9BDC1AF314FB168996 /* ErrorView.swift */; };
		E9E977C6623BEF99AF35CC84 /* swiftgenOutputFiles.xcfilelist in Resources */ = {isa = PBXBuildFile; fileRef = E9E97ED05425606EE0CF25B0 /* swiftgenOutputFiles.xcfilelist */; };
		E9E9781549327F384DC28A51 /* NoContentView.swift in Sources */ = {isa = PBXBuildFile; fileRef = E9E97EB3DFB54D930AF9F92A /* NoContentView.swift */; };
		E9E9785836011CE532198B31 /* OnboardingSheet.swift in Sources */ = {isa = PBXBuildFile; fileRef = E9E97F677B23E66B4EA4066E /* OnboardingSheet.swift */; };
		E9E97947A6C162284CD55C77 /* TowerError.swift in Sources */ = {isa = PBXBuildFile; fileRef = E9E97D46831D8B34FB1AE1F1 /* TowerError.swift */; };
		E9E979589AE0CB1D1ECD8E98 /* Assets.xcassets in Resources */ = {isa = PBXBuildFile; fileRef = E9E976112608FD8C951A230A /* Assets.xcassets */; };
		E9E97985109BA7C9049A6A0E /* LocationEventData.swift in Sources */ = {isa = PBXBuildFile; fileRef = E9E9737E107A7605C81485F7 /* LocationEventData.swift */; };
		E9E97ACA8F9ACDF0962A795A /* DataMessageTopic.swift in Sources */ = {isa = PBXBuildFile; fileRef = E9E97C431C208C3170E8D87C /* DataMessageTopic.swift */; };
		E9E97ACB93E9A4DBEC1906D6 /* CLLocation+init.swift in Sources */ = {isa = PBXBuildFile; fileRef = E9E97EC736E76FA9F24A1789 /* CLLocation+init.swift */; };
		E9E97AD55211643704B83C6C /* ContentView.swift in Sources */ = {isa = PBXBuildFile; fileRef = E9E976D0CDD10DBCEC1EE97F /* ContentView.swift */; };
		E9E97B8E8042313538C7361C /* swiftgen.yml in Resources */ = {isa = PBXBuildFile; fileRef = E9E9742C24106EEB45A99FFB /* swiftgen.yml */; };
		E9E97BCF1EC8421C7FFFD918 /* CallSheet.swift in Sources */ = {isa = PBXBuildFile; fileRef = E9E97EFA3591C2A194430BD3 /* CallSheet.swift */; };
		E9E97D4F27144BB2E5B00D70 /* JoinResponse.swift in Sources */ = {isa = PBXBuildFile; fileRef = E9E9705FDC69B0006A0F2A88 /* JoinResponse.swift */; };
		E9E97D676B5FC0654D0AE376 /* TrailingIconLabelStyle.swift in Sources */ = {isa = PBXBuildFile; fileRef = E9E97D6548DE190EC3DAD6CD /* TrailingIconLabelStyle.swift */; };
		E9E97D9435E71A5FB03C32C2 /* Bool+then.swift in Sources */ = {isa = PBXBuildFile; fileRef = E9E9737CE0BA23F6FA9AE619 /* Bool+then.swift */; };
		E9E97D987307335B79C9339E /* LocationController.swift in Sources */ = {isa = PBXBuildFile; fileRef = E9E979DC20654943442D3251 /* LocationController.swift */; };
		E9E97DAF49ACFBD2BD94CB5F /* TowerApi.swift in Sources */ = {isa = PBXBuildFile; fileRef = E9E97EBFD1B3060D27E32B34 /* TowerApi.swift */; };
		E9E97DC5146A1DC309049ABA /* Assets.stencil in Resources */ = {isa = PBXBuildFile; fileRef = E9E978CCD179D7A92701559C /* Assets.stencil */; };
		E9E97E935578B91E74C5F7B9 /* Tower_iOSTests.swift in Sources */ = {isa = PBXBuildFile; fileRef = E9E97260BBD5D0A05DD50473 /* Tower_iOSTests.swift */; };
		E9E97F39E2ED8B908232E0A3 /* Preview Assets.xcassets in Resources */ = {isa = PBXBuildFile; fileRef = E9E97F3912449DD2605F6202 /* Preview Assets.xcassets */; };
		E9E97F55954B805E6C79A4C6 /* Optional+throwingUnwrapOperator.swift in Sources */ = {isa = PBXBuildFile; fileRef = E9E976940E08971EC4DE8312 /* Optional+throwingUnwrapOperator.swift */; };
		E9E97F7C4E4BA29DED0D62A5 /* Settings+Generated.swift in Sources */ = {isa = PBXBuildFile; fileRef = E9E977A62B8656EAEC142C8F /* Settings+Generated.swift */; };
		E9E97F96A50CF792153BAF94 /* MissingFeatureView.swift in Sources */ = {isa = PBXBuildFile; fileRef = E9E971CC4CD62D229DA2C740 /* MissingFeatureView.swift */; };
/* End PBXBuildFile section */

/* Begin PBXContainerItemProxy section */
		E9E9750DEC81D23AA267C004 /* PBXContainerItemProxy */ = {
			isa = PBXContainerItemProxy;
			containerPortal = E9E970CF23B28B42EF6060D8 /* Project object */;
			proxyType = 1;
			remoteGlobalIDString = E9E9788D0F6AB5A2D5ECD54C;
			remoteInfo = Tower_iOS;
		};
		E9E9794E7F3FC655CB1AE9E1 /* PBXContainerItemProxy */ = {
			isa = PBXContainerItemProxy;
			containerPortal = E9E970CF23B28B42EF6060D8 /* Project object */;
			proxyType = 1;
			remoteGlobalIDString = E9E9788D0F6AB5A2D5ECD54C;
			remoteInfo = Tower_iOS;
		};
/* End PBXContainerItemProxy section */

/* Begin PBXCopyFilesBuildPhase section */
		E11F4EB329EFA50C00D39816 /* Embed Frameworks */ = {
			isa = PBXCopyFilesBuildPhase;
			buildActionMask = 2147483647;
			dstPath = "";
			dstSubfolderSpec = 10;
			files = (
				E11F4EBB29EFA54700D39816 /* AmazonChimeSDKMedia.xcframework in Embed Frameworks */,
				E11F4EB929EFA54700D39816 /* AmazonChimeSDK.xcframework in Embed Frameworks */,
			);
			name = "Embed Frameworks";
			runOnlyForDeploymentPostprocessing = 0;
		};
/* End PBXCopyFilesBuildPhase section */

/* Begin PBXFileReference section */
		E11F4EB629EFA54600D39816 /* AmazonChimeSDK.xcframework */ = {isa = PBXFileReference; lastKnownFileType = wrapper.xcframework; path = AmazonChimeSDK.xcframework; sourceTree = "<group>"; };
		E11F4EB729EFA54700D39816 /* AmazonChimeSDKMedia.xcframework */ = {isa = PBXFileReference; lastKnownFileType = wrapper.xcframework; path = AmazonChimeSDKMedia.xcframework; sourceTree = "<group>"; };
		E195FEA42A1E03FD00A506EA /* Tower-iOS-Info.plist */ = {isa = PBXFileReference; fileEncoding = 4; lastKnownFileType = text.plist.xml; path = "Tower-iOS-Info.plist"; sourceTree = "<group>"; };
		E1D03DA929DDE2510061E831 /* Settings.bundle */ = {isa = PBXFileReference; lastKnownFileType = "wrapper.plug-in"; path = Settings.bundle; sourceTree = "<group>"; };
		E9E9700F363770A1847466DE /* TowerEnvironment.swift */ = {isa = PBXFileReference; fileEncoding = 4; lastKnownFileType = sourcecode.swift; path = TowerEnvironment.swift; sourceTree = "<group>"; };
		E9E9705FDC69B0006A0F2A88 /* JoinResponse.swift */ = {isa = PBXFileReference; fileEncoding = 4; lastKnownFileType = sourcecode.swift; path = JoinResponse.swift; sourceTree = "<group>"; };
		E9E97082EE84DC39CD0A5259 /* Settings.stencil */ = {isa = PBXFileReference; lastKnownFileType = file.stencil; path = Settings.stencil; sourceTree = "<group>"; };
		E9E970A06C0834C19E99DE33 /* Tower_iOSTests.xctest */ = {isa = PBXFileReference; explicitFileType = wrapper.cfbundle; includeInIndex = 0; path = Tower_iOSTests.xctest; sourceTree = BUILT_PRODUCTS_DIR; };
		E9E970A6EA11E43D2888ECD5 /* JSONEncoder+shared.swift */ = {isa = PBXFileReference; fileEncoding = 4; lastKnownFileType = sourcecode.swift; path = "JSONEncoder+shared.swift"; sourceTree = "<group>"; };
		E9E9716E829BE958A2504321 /* Tower_iOSUITests.swift */ = {isa = PBXFileReference; lastKnownFileType = sourcecode.swift; path = Tower_iOSUITests.swift; sourceTree = "<group>"; };
		E9E971BAD21CD422E07B49CA /* CLLocationCoordinate2D+Codable.swift */ = {isa = PBXFileReference; fileEncoding = 4; lastKnownFileType = sourcecode.swift; path = "CLLocationCoordinate2D+Codable.swift"; sourceTree = "<group>"; };
		E9E971CC4CD62D229DA2C740 /* MissingFeatureView.swift */ = {isa = PBXFileReference; fileEncoding = 4; lastKnownFileType = sourcecode.swift; path = MissingFeatureView.swift; sourceTree = "<group>"; };
		E9E97260BBD5D0A05DD50473 /* Tower_iOSTests.swift */ = {isa = PBXFileReference; lastKnownFileType = sourcecode.swift; path = Tower_iOSTests.swift; sourceTree = "<group>"; };
		E9E9737CE0BA23F6FA9AE619 /* Bool+then.swift */ = {isa = PBXFileReference; fileEncoding = 4; lastKnownFileType = sourcecode.swift; path = "Bool+then.swift"; sourceTree = "<group>"; };
		E9E9737E107A7605C81485F7 /* LocationEventData.swift */ = {isa = PBXFileReference; fileEncoding = 4; lastKnownFileType = sourcecode.swift; path = LocationEventData.swift; sourceTree = "<group>"; };
		E9E9739962E5C94DE982482A /* swiftgenInputFiles.xcfilelist */ = {isa = PBXFileReference; fileEncoding = 4; lastKnownFileType = text.xcfilelist; path = swiftgenInputFiles.xcfilelist; sourceTree = "<group>"; };
		E9E973C816FD9EF73B5606F6 /* JSONDecoder+shared.swift */ = {isa = PBXFileReference; fileEncoding = 4; lastKnownFileType = sourcecode.swift; path = "JSONDecoder+shared.swift"; sourceTree = "<group>"; };
		E9E973E2575686E9297841D8 /* Tower_iOSUITestsLaunchTests.swift */ = {isa = PBXFileReference; lastKnownFileType = sourcecode.swift; path = Tower_iOSUITestsLaunchTests.swift; sourceTree = "<group>"; };
		E9E973F83FB2243F93C24577 /* Assets+Generated.swift */ = {isa = PBXFileReference; fileEncoding = 4; lastKnownFileType = sourcecode.swift; path = "Assets+Generated.swift"; sourceTree = "<group>"; };
		E9E9742C24106EEB45A99FFB /* swiftgen.yml */ = {isa = PBXFileReference; fileEncoding = 4; lastKnownFileType = text.yaml; path = swiftgen.yml; sourceTree = "<group>"; };
		E9E97449F17B1C6ABD985920 /* Strings.stencil */ = {isa = PBXFileReference; lastKnownFileType = file.stencil; path = Strings.stencil; sourceTree = "<group>"; };
		E9E976112608FD8C951A230A /* Assets.xcassets */ = {isa = PBXFileReference; lastKnownFileType = folder.assetcatalog; path = Assets.xcassets; sourceTree = "<group>"; };
		E9E976940E08971EC4DE8312 /* Optional+throwingUnwrapOperator.swift */ = {isa = PBXFileReference; fileEncoding = 4; lastKnownFileType = sourcecode.swift; path = "Optional+throwingUnwrapOperator.swift"; sourceTree = "<group>"; };
		E9E976D0CDD10DBCEC1EE97F /* ContentView.swift */ = {isa = PBXFileReference; fileEncoding = 4; lastKnownFileType = sourcecode.swift; path = ContentView.swift; sourceTree = "<group>"; };
		E9E977A62B8656EAEC142C8F /* Settings+Generated.swift */ = {isa = PBXFileReference; fileEncoding = 4; lastKnownFileType = sourcecode.swift; path = "Settings+Generated.swift"; sourceTree = "<group>"; };
		E9E977DE6191E6A0257F3DC1 /* README.md */ = {isa = PBXFileReference; fileEncoding = 4; lastKnownFileType = net.daringfireball.markdown; path = README.md; sourceTree = "<group>"; };
		E9E9780CA784F10F6DA82E56 /* Location.swift */ = {isa = PBXFileReference; fileEncoding = 4; lastKnownFileType = sourcecode.swift; path = Location.swift; sourceTree = "<group>"; };
		E9E9787B1722DC8C49605991 /* CallController.swift */ = {isa = PBXFileReference; fileEncoding = 4; lastKnownFileType = sourcecode.swift; path = CallController.swift; sourceTree = "<group>"; };
		E9E978CCD179D7A92701559C /* Assets.stencil */ = {isa = PBXFileReference; lastKnownFileType = file.stencil; path = Assets.stencil; sourceTree = "<group>"; };
		E9E979C360B6E8A4C2F1D458 /* Wrapper.swift */ = {isa = PBXFileReference; fileEncoding = 4; lastKnownFileType = sourcecode.swift; path = Wrapper.swift; sourceTree = "<group>"; };
		E9E979DC20654943442D3251 /* LocationController.swift */ = {isa = PBXFileReference; fileEncoding = 4; lastKnownFileType = sourcecode.swift; path = LocationController.swift; sourceTree = "<group>"; };
		E9E97A368C0877C4B4E7B387 /* .gitignore */ = {isa = PBXFileReference; lastKnownFileType = file.gitignore; path = .gitignore; sourceTree = "<group>"; };
		E9E97B1C26E03B3C913AE967 /* Tower_iOSApp.swift */ = {isa = PBXFileReference; lastKnownFileType = sourcecode.swift; path = Tower_iOSApp.swift; sourceTree = "<group>"; };
		E9E97B2EB631D23B7381BB19 /* Tower_iOS.app */ = {isa = PBXFileReference; explicitFileType = wrapper.application; includeInIndex = 0; path = Tower_iOS.app; sourceTree = BUILT_PRODUCTS_DIR; };
		E9E97B8B66372C78A442F83F /* swiftgen.sh */ = {isa = PBXFileReference; fileEncoding = 4; lastKnownFileType = text.script.sh; path = swiftgen.sh; sourceTree = "<group>"; };
		E9E97C431C208C3170E8D87C /* DataMessageTopic.swift */ = {isa = PBXFileReference; fileEncoding = 4; lastKnownFileType = sourcecode.swift; path = DataMessageTopic.swift; sourceTree = "<group>"; };
		E9E97CC102CAF905C77A7414 /* LeadingIconLabelStyle.swift */ = {isa = PBXFileReference; fileEncoding = 4; lastKnownFileType = sourcecode.swift; path = LeadingIconLabelStyle.swift; sourceTree = "<group>"; };
		E9E97D46831D8B34FB1AE1F1 /* TowerError.swift */ = {isa = PBXFileReference; fileEncoding = 4; lastKnownFileType = sourcecode.swift; path = TowerError.swift; sourceTree = "<group>"; };
		E9E97D6548DE190EC3DAD6CD /* TrailingIconLabelStyle.swift */ = {isa = PBXFileReference; fileEncoding = 4; lastKnownFileType = sourcecode.swift; path = TrailingIconLabelStyle.swift; sourceTree = "<group>"; };
		E9E97D9BDC1AF314FB168996 /* ErrorView.swift */ = {isa = PBXFileReference; fileEncoding = 4; lastKnownFileType = sourcecode.swift; path = ErrorView.swift; sourceTree = "<group>"; };
		E9E97E38F4729EC488328071 /* Tower_iOSUITests.xctest */ = {isa = PBXFileReference; explicitFileType = wrapper.cfbundle; includeInIndex = 0; path = Tower_iOSUITests.xctest; sourceTree = BUILT_PRODUCTS_DIR; };
		E9E97E5A9111D126202C0CB4 /* Bool+else.swift */ = {isa = PBXFileReference; fileEncoding = 4; lastKnownFileType = sourcecode.swift; path = "Bool+else.swift"; sourceTree = "<group>"; };
		E9E97EB3DFB54D930AF9F92A /* NoContentView.swift */ = {isa = PBXFileReference; fileEncoding = 4; lastKnownFileType = sourcecode.swift; path = NoContentView.swift; sourceTree = "<group>"; };
		E9E97EBFD1B3060D27E32B34 /* TowerApi.swift */ = {isa = PBXFileReference; fileEncoding = 4; lastKnownFileType = sourcecode.swift; path = TowerApi.swift; sourceTree = "<group>"; };
		E9E97EC736E76FA9F24A1789 /* CLLocation+init.swift */ = {isa = PBXFileReference; fileEncoding = 4; lastKnownFileType = sourcecode.swift; path = "CLLocation+init.swift"; sourceTree = "<group>"; };
		E9E97ED05425606EE0CF25B0 /* swiftgenOutputFiles.xcfilelist */ = {isa = PBXFileReference; fileEncoding = 4; lastKnownFileType = text.xcfilelist; path = swiftgenOutputFiles.xcfilelist; sourceTree = "<group>"; };
		E9E97EFA3591C2A194430BD3 /* CallSheet.swift */ = {isa = PBXFileReference; fileEncoding = 4; lastKnownFileType = sourcecode.swift; path = CallSheet.swift; sourceTree = "<group>"; };
		E9E97EFFD492CB4CD07DBB2A /* ErrorWrapper.swift */ = {isa = PBXFileReference; fileEncoding = 4; lastKnownFileType = sourcecode.swift; path = ErrorWrapper.swift; sourceTree = "<group>"; };
		E9E97F1B5AB45A46393533FC /* PreviewProvider+env.swift */ = {isa = PBXFileReference; fileEncoding = 4; lastKnownFileType = sourcecode.swift; path = "PreviewProvider+env.swift"; sourceTree = "<group>"; };
		E9E97F3912449DD2605F6202 /* Preview Assets.xcassets */ = {isa = PBXFileReference; lastKnownFileType = folder.assetcatalog; path = "Preview Assets.xcassets"; sourceTree = "<group>"; };
		E9E97F677B23E66B4EA4066E /* OnboardingSheet.swift */ = {isa = PBXFileReference; fileEncoding = 4; lastKnownFileType = sourcecode.swift; path = OnboardingSheet.swift; sourceTree = "<group>"; };
/* End PBXFileReference section */

/* Begin PBXFrameworksBuildPhase section */
		E9E97623ADDA47A0BBBDBCDA /* Frameworks */ = {
			isa = PBXFrameworksBuildPhase;
			buildActionMask = 2147483647;
			files = (
			);
			runOnlyForDeploymentPostprocessing = 0;
		};
		E9E976D70D4E12441A9D7C73 /* Frameworks */ = {
			isa = PBXFrameworksBuildPhase;
			buildActionMask = 2147483647;
			files = (
				E11F4EBA29EFA54700D39816 /* AmazonChimeSDKMedia.xcframework in Frameworks */,
				E11F4EB829EFA54700D39816 /* AmazonChimeSDK.xcframework in Frameworks */,
			);
			runOnlyForDeploymentPostprocessing = 0;
		};
		E9E9789072FFFC7EAB594840 /* Frameworks */ = {
			isa = PBXFrameworksBuildPhase;
			buildActionMask = 2147483647;
			files = (
			);
			runOnlyForDeploymentPostprocessing = 0;
		};
/* End PBXFrameworksBuildPhase section */

/* Begin PBXGroup section */
		E11F4EA929EF99A300D39816 /* Frameworks */ = {
			isa = PBXGroup;
			children = (
				E11F4EB629EFA54600D39816 /* AmazonChimeSDK.xcframework */,
				E11F4EB729EFA54700D39816 /* AmazonChimeSDKMedia.xcframework */,
			);
			name = Frameworks;
			sourceTree = "<group>";
		};
		E9E973C71B69A29E23AB9B0D /* Controllers */ = {
			isa = PBXGroup;
			children = (
				E9E9700F363770A1847466DE /* TowerEnvironment.swift */,
				E9E97F1B5AB45A46393533FC /* PreviewProvider+env.swift */,
				E9E97EBFD1B3060D27E32B34 /* TowerApi.swift */,
				E9E9787B1722DC8C49605991 /* CallController.swift */,
				E9E979DC20654943442D3251 /* LocationController.swift */,
			);
			path = Controllers;
			sourceTree = "<group>";
		};
		E9E9742C92C0C45776CAB10B /* Tower_iOSTests */ = {
			isa = PBXGroup;
			children = (
				E9E97260BBD5D0A05DD50473 /* Tower_iOSTests.swift */,
			);
			path = Tower_iOSTests;
			sourceTree = "<group>";
		};
		E9E97433B81F994F7E441AE3 /* Views */ = {
			isa = PBXGroup;
			children = (
				E9E976D0CDD10DBCEC1EE97F /* ContentView.swift */,
				E9E97EB3DFB54D930AF9F92A /* NoContentView.swift */,
				E9E979C360B6E8A4C2F1D458 /* Wrapper.swift */,
				E9E97D9BDC1AF314FB168996 /* ErrorView.swift */,
				E9E971CC4CD62D229DA2C740 /* MissingFeatureView.swift */,
				E9E97EFA3591C2A194430BD3 /* CallSheet.swift */,
				E9E97F677B23E66B4EA4066E /* OnboardingSheet.swift */,
				E9E97D6548DE190EC3DAD6CD /* TrailingIconLabelStyle.swift */,
				E9E97CC102CAF905C77A7414 /* LeadingIconLabelStyle.swift */,
			);
			path = Views;
			sourceTree = "<group>";
		};
		E9E97513447D982B3231EFCD /* Templates */ = {
			isa = PBXGroup;
			children = (
				E9E978CCD179D7A92701559C /* Assets.stencil */,
				E9E97082EE84DC39CD0A5259 /* Settings.stencil */,
				E9E97449F17B1C6ABD985920 /* Strings.stencil */,
			);
			path = Templates;
			sourceTree = "<group>";
		};
		E9E975997A8FE85D76C63200 /* Models */ = {
			isa = PBXGroup;
			children = (
				E9E97EFFD492CB4CD07DBB2A /* ErrorWrapper.swift */,
				E9E973F83FB2243F93C24577 /* Assets+Generated.swift */,
				E9E977A62B8656EAEC142C8F /* Settings+Generated.swift */,
				E9E97D46831D8B34FB1AE1F1 /* TowerError.swift */,
				E9E9705FDC69B0006A0F2A88 /* JoinResponse.swift */,
				E9E97C431C208C3170E8D87C /* DataMessageTopic.swift */,
				E9E9737E107A7605C81485F7 /* LocationEventData.swift */,
				E9E9780CA784F10F6DA82E56 /* Location.swift */,
			);
			path = Models;
			sourceTree = "<group>";
		};
		E9E975ED4B2377D212EEC753 /* Tower_iOS */ = {
			isa = PBXGroup;
			children = (
				E195FEA42A1E03FD00A506EA /* Tower-iOS-Info.plist */,
				E9E976112608FD8C951A230A /* Assets.xcassets */,
				E9E97626E2D685C8268AAD5C /* Preview Content */,
				E9E97B1C26E03B3C913AE967 /* Tower_iOSApp.swift */,
				E9E97433B81F994F7E441AE3 /* Views */,
				E9E975997A8FE85D76C63200 /* Models */,
				E9E973C71B69A29E23AB9B0D /* Controllers */,
				E9E977DCDBBAEFA016EA4DD1 /* Extensions */,
				E9E97513447D982B3231EFCD /* Templates */,
				E9E9739962E5C94DE982482A /* swiftgenInputFiles.xcfilelist */,
				E9E97ED05425606EE0CF25B0 /* swiftgenOutputFiles.xcfilelist */,
				E9E9742C24106EEB45A99FFB /* swiftgen.yml */,
				E9E97B8B66372C78A442F83F /* swiftgen.sh */,
				E1D03DA929DDE2510061E831 /* Settings.bundle */,
			);
			path = Tower_iOS;
			sourceTree = "<group>";
		};
		E9E9760709A79B2745E1F42B = {
			isa = PBXGroup;
			children = (
				E9E97619175184055759984A /* Products */,
				E9E975ED4B2377D212EEC753 /* Tower_iOS */,
				E9E9742C92C0C45776CAB10B /* Tower_iOSTests */,
				E9E97E86ECD27CC8CE71A6CF /* Tower_iOSUITests */,
				E9E97A368C0877C4B4E7B387 /* .gitignore */,
				E11F4EA929EF99A300D39816 /* Frameworks */,
				E9E977DE6191E6A0257F3DC1 /* README.md */,
			);
			sourceTree = "<group>";
		};
		E9E97619175184055759984A /* Products */ = {
			isa = PBXGroup;
			children = (
				E9E97B2EB631D23B7381BB19 /* Tower_iOS.app */,
				E9E970A06C0834C19E99DE33 /* Tower_iOSTests.xctest */,
				E9E97E38F4729EC488328071 /* Tower_iOSUITests.xctest */,
			);
			name = Products;
			sourceTree = "<group>";
		};
		E9E97626E2D685C8268AAD5C /* Preview Content */ = {
			isa = PBXGroup;
			children = (
				E9E97F3912449DD2605F6202 /* Preview Assets.xcassets */,
			);
			path = "Preview Content";
			sourceTree = "<group>";
		};
		E9E977DCDBBAEFA016EA4DD1 /* Extensions */ = {
			isa = PBXGroup;
			children = (
				E9E973C816FD9EF73B5606F6 /* JSONDecoder+shared.swift */,
				E9E976940E08971EC4DE8312 /* Optional+throwingUnwrapOperator.swift */,
				E9E971BAD21CD422E07B49CA /* CLLocationCoordinate2D+Codable.swift */,
				E9E9737CE0BA23F6FA9AE619 /* Bool+then.swift */,
				E9E97E5A9111D126202C0CB4 /* Bool+else.swift */,
				E9E97EC736E76FA9F24A1789 /* CLLocation+init.swift */,
				E9E970A6EA11E43D2888ECD5 /* JSONEncoder+shared.swift */,
			);
			path = Extensions;
			sourceTree = "<group>";
		};
		E9E97E86ECD27CC8CE71A6CF /* Tower_iOSUITests */ = {
			isa = PBXGroup;
			children = (
				E9E9716E829BE958A2504321 /* Tower_iOSUITests.swift */,
				E9E973E2575686E9297841D8 /* Tower_iOSUITestsLaunchTests.swift */,
			);
			path = Tower_iOSUITests;
			sourceTree = "<group>";
		};
/* End PBXGroup section */

/* Begin PBXNativeTarget section */
		E9E978608E44AE9D8B99A1CE /* Tower_iOSTests */ = {
			isa = PBXNativeTarget;
			buildConfigurationList = E9E97CF6A7D13419B527A1EF /* Build configuration list for PBXNativeTarget "Tower_iOSTests" */;
			buildPhases = (
				E9E976BC9D45EA204892DEAB /* Sources */,
				E9E9789072FFFC7EAB594840 /* Frameworks */,
				E9E971D6F18EB3A76A7B1D1D /* Resources */,
			);
			buildRules = (
			);
			dependencies = (
				E9E97AFC7FEB5200597A42A8 /* PBXTargetDependency */,
			);
			name = Tower_iOSTests;
			productName = Tower_iOSTests;
			productReference = E9E970A06C0834C19E99DE33 /* Tower_iOSTests.xctest */;
			productType = "com.apple.product-type.bundle.unit-test";
		};
		E9E9788D0F6AB5A2D5ECD54C /* Tower_iOS */ = {
			isa = PBXNativeTarget;
			buildConfigurationList = E9E97BAEACB49C788B2532C5 /* Build configuration list for PBXNativeTarget "Tower_iOS" */;
			buildPhases = (
				E1D26A9F29DDDDB300975CCB /* Run SwiftGen */,
				E9E97C1D27F3EBB849570C3A /* Sources */,
				E9E976D70D4E12441A9D7C73 /* Frameworks */,
				E9E97C9106368EEADD769267 /* Resources */,
				E11F4EB329EFA50C00D39816 /* Embed Frameworks */,
			);
			buildRules = (
			);
			dependencies = (
			);
			name = Tower_iOS;
			productName = Tower_iOS;
			productReference = E9E97B2EB631D23B7381BB19 /* Tower_iOS.app */;
			productType = "com.apple.product-type.application";
		};
		E9E97CC6FF0AF1241CB4CB96 /* Tower_iOSUITests */ = {
			isa = PBXNativeTarget;
			buildConfigurationList = E9E9787530163BCF908D981F /* Build configuration list for PBXNativeTarget "Tower_iOSUITests" */;
			buildPhases = (
				E9E975E238203FC3FB3DA05E /* Sources */,
				E9E97623ADDA47A0BBBDBCDA /* Frameworks */,
				E9E970009CFD8AAC851B5E4E /* Resources */,
			);
			buildRules = (
			);
			dependencies = (
				E9E978E839CCF5C500454122 /* PBXTargetDependency */,
			);
			name = Tower_iOSUITests;
			productName = Tower_iOSUITests;
			productReference = E9E97E38F4729EC488328071 /* Tower_iOSUITests.xctest */;
			productType = "com.apple.product-type.bundle.ui-testing";
		};
/* End PBXNativeTarget section */

/* Begin PBXProject section */
		E9E970CF23B28B42EF6060D8 /* Project object */ = {
			isa = PBXProject;
			attributes = {
				TargetAttributes = {
					E9E9788D0F6AB5A2D5ECD54C = {
						DevelopmentTeam = PKW2VF887G;
					};
					E9E97CC6FF0AF1241CB4CB96 = {
						DevelopmentTeam = PKW2VF887G;
					};
				};
			};
			buildConfigurationList = E9E970F6DA87A4BAAFC4B611 /* Build configuration list for PBXProject "Tower_iOS" */;
			compatibilityVersion = "Xcode 3.2";
			developmentRegion = de;
			hasScannedForEncodings = 0;
			knownRegions = (
				de,
			);
			mainGroup = E9E9760709A79B2745E1F42B;
			productRefGroup = E9E97619175184055759984A /* Products */;
			projectDirPath = "";
			projectRoot = "";
			targets = (
				E9E9788D0F6AB5A2D5ECD54C /* Tower_iOS */,
				E9E978608E44AE9D8B99A1CE /* Tower_iOSTests */,
				E9E97CC6FF0AF1241CB4CB96 /* Tower_iOSUITests */,
			);
		};
/* End PBXProject section */

/* Begin PBXResourcesBuildPhase section */
		E9E970009CFD8AAC851B5E4E /* Resources */ = {
			isa = PBXResourcesBuildPhase;
			buildActionMask = 2147483647;
			files = (
			);
			runOnlyForDeploymentPostprocessing = 0;
		};
		E9E971D6F18EB3A76A7B1D1D /* Resources */ = {
			isa = PBXResourcesBuildPhase;
			buildActionMask = 2147483647;
			files = (
			);
			runOnlyForDeploymentPostprocessing = 0;
		};
		E9E97C9106368EEADD769267 /* Resources */ = {
			isa = PBXResourcesBuildPhase;
			buildActionMask = 2147483647;
			files = (
				E9E979589AE0CB1D1ECD8E98 /* Assets.xcassets in Resources */,
				E9E97F39E2ED8B908232E0A3 /* Preview Assets.xcassets in Resources */,
				E1D03DAA29DDE2510061E831 /* Settings.bundle in Resources */,
				E9E97DC5146A1DC309049ABA /* Assets.stencil in Resources */,
				E9E976F42D1E4BAA7BAAF7BE /* Settings.stencil in Resources */,
				E9E9703F5A4E3253CBF969A2 /* Strings.stencil in Resources */,
				E9E9773EFE2B1DCFC3F67310 /* swiftgenInputFiles.xcfilelist in Resources */,
				E9E977C6623BEF99AF35CC84 /* swiftgenOutputFiles.xcfilelist in Resources */,
				E9E97B8E8042313538C7361C /* swiftgen.yml in Resources */,
				E9E976D5D9A332B0540EA16C /* swiftgen.sh in Resources */,
			);
			runOnlyForDeploymentPostprocessing = 0;
		};
/* End PBXResourcesBuildPhase section */

/* Begin PBXShellScriptBuildPhase section */
		E1D26A9F29DDDDB300975CCB /* Run SwiftGen */ = {
			isa = PBXShellScriptBuildPhase;
			buildActionMask = 2147483647;
			files = (
			);
			inputFileListPaths = (
				"$(SRCROOT)/Tower_iOS/swiftgenInputFiles.xcfilelist",
			);
			inputPaths = (
			);
			name = "Run SwiftGen";
			outputFileListPaths = (
				"$(SRCROOT)/Tower_iOS/swiftgenOutputFiles.xcfilelist",
			);
			outputPaths = (
			);
			runOnlyForDeploymentPostprocessing = 0;
			shellPath = /bin/sh;
			shellScript = "exec \"${SRCROOT}/Tower_iOS/swiftgen.sh\"\n";
		};
/* End PBXShellScriptBuildPhase section */

/* Begin PBXSourcesBuildPhase section */
		E9E975E238203FC3FB3DA05E /* Sources */ = {
			isa = PBXSourcesBuildPhase;
			buildActionMask = 2147483647;
			files = (
				E9E97019B37499CA04712337 /* Tower_iOSUITests.swift in Sources */,
				E9E975E90CDBECC6A22C2BE3 /* Tower_iOSUITestsLaunchTests.swift in Sources */,
			);
			runOnlyForDeploymentPostprocessing = 0;
		};
		E9E976BC9D45EA204892DEAB /* Sources */ = {
			isa = PBXSourcesBuildPhase;
			buildActionMask = 2147483647;
			files = (
				E9E97E935578B91E74C5F7B9 /* Tower_iOSTests.swift in Sources */,
			);
			runOnlyForDeploymentPostprocessing = 0;
		};
		E9E97C1D27F3EBB849570C3A /* Sources */ = {
			isa = PBXSourcesBuildPhase;
			buildActionMask = 2147483647;
			files = (
				E9E976708DDB581904D3D353 /* Tower_iOSApp.swift in Sources */,
				E9E97AD55211643704B83C6C /* ContentView.swift in Sources */,
				E9E974D189DE37E8BD13DC81 /* ErrorWrapper.swift in Sources */,
				E9E9781549327F384DC28A51 /* NoContentView.swift in Sources */,
				E9E97475D6643D80F248B3A7 /* Wrapper.swift in Sources */,
				E9E9775BEDEF26BE1277B6BC /* ErrorView.swift in Sources */,
				E9E971EB19779781F28DA3D6 /* TowerEnvironment.swift in Sources */,
				E9E97F96A50CF792153BAF94 /* MissingFeatureView.swift in Sources */,
				E9E972A064B4EECA6E5DE6DE /* Assets+Generated.swift in Sources */,
				E9E971EA7EED860BC42B0029 /* PreviewProvider+env.swift in Sources */,
				E9E97F7C4E4BA29DED0D62A5 /* Settings+Generated.swift in Sources */,
				E9E97BCF1EC8421C7FFFD918 /* CallSheet.swift in Sources */,
				E9E9785836011CE532198B31 /* OnboardingSheet.swift in Sources */,
				E9E97D676B5FC0654D0AE376 /* TrailingIconLabelStyle.swift in Sources */,
				E9E9723D2463B5A09B3C2EEE /* LeadingIconLabelStyle.swift in Sources */,
				E9E97947A6C162284CD55C77 /* TowerError.swift in Sources */,
				E9E97DAF49ACFBD2BD94CB5F /* TowerApi.swift in Sources */,
				E9E97D4F27144BB2E5B00D70 /* JoinResponse.swift in Sources */,
				E9E9708D48B02103D0D3FDF3 /* JSONDecoder+shared.swift in Sources */,
				E9E972AA45FF24396D4D2597 /* CallController.swift in Sources */,
				E9E97ACA8F9ACDF0962A795A /* DataMessageTopic.swift in Sources */,
				E9E97F55954B805E6C79A4C6 /* Optional+throwingUnwrapOperator.swift in Sources */,
				E9E970154CE4DA57BDFDBB82 /* CLLocationCoordinate2D+Codable.swift in Sources */,
				E9E97985109BA7C9049A6A0E /* LocationEventData.swift in Sources */,
				E9E970595F70053E9C579045 /* Location.swift in Sources */,
				E9E97D9435E71A5FB03C32C2 /* Bool+then.swift in Sources */,
				E9E972ED7746A4DADA73309F /* Bool+else.swift in Sources */,
				E9E97ACB93E9A4DBEC1906D6 /* CLLocation+init.swift in Sources */,
				E9E97D987307335B79C9339E /* LocationController.swift in Sources */,
				E9E97293EE5E7BBDD50F4281 /* JSONEncoder+shared.swift in Sources */,
			);
			runOnlyForDeploymentPostprocessing = 0;
		};
/* End PBXSourcesBuildPhase section */

/* Begin PBXTargetDependency section */
		E9E978E839CCF5C500454122 /* PBXTargetDependency */ = {
			isa = PBXTargetDependency;
			target = E9E9788D0F6AB5A2D5ECD54C /* Tower_iOS */;
			targetProxy = E9E9750DEC81D23AA267C004 /* PBXContainerItemProxy */;
		};
		E9E97AFC7FEB5200597A42A8 /* PBXTargetDependency */ = {
			isa = PBXTargetDependency;
			target = E9E9788D0F6AB5A2D5ECD54C /* Tower_iOS */;
			targetProxy = E9E9794E7F3FC655CB1AE9E1 /* PBXContainerItemProxy */;
		};
/* End PBXTargetDependency section */

/* Begin XCBuildConfiguration section */
		E9E977FB873B480A14D47AE5 /* Release */ = {
			isa = XCBuildConfiguration;
			buildSettings = {
				ALWAYS_SEARCH_USER_PATHS = NO;
				CLANG_ANALYZER_NONNULL = YES;
				CLANG_ANALYZER_NUMBER_OBJECT_CONVERSION = YES_AGGRESSIVE;
				CLANG_CXX_LANGUAGE_STANDARD = "gnu++20";
				CLANG_ENABLE_MODULES = YES;
				CLANG_ENABLE_OBJC_ARC = YES;
				CLANG_ENABLE_OBJC_WEAK = YES;
				CLANG_WARN_BLOCK_CAPTURE_AUTORELEASING = YES;
				CLANG_WARN_BOOL_CONVERSION = YES;
				CLANG_WARN_COMMA = YES;
				CLANG_WARN_CONSTANT_CONVERSION = YES;
				CLANG_WARN_DEPRECATED_OBJC_IMPLEMENTATIONS = YES;
				CLANG_WARN_DIRECT_OBJC_ISA_USAGE = YES_ERROR;
				CLANG_WARN_DOCUMENTATION_COMMENTS = YES;
				CLANG_WARN_EMPTY_BODY = YES;
				CLANG_WARN_ENUM_CONVERSION = YES;
				CLANG_WARN_INFINITE_RECURSION = YES;
				CLANG_WARN_INT_CONVERSION = YES;
				CLANG_WARN_NON_LITERAL_NULL_CONVERSION = YES;
				CLANG_WARN_OBJC_IMPLICIT_RETAIN_SELF = YES;
				CLANG_WARN_OBJC_LITERAL_CONVERSION = YES;
				CLANG_WARN_OBJC_ROOT_CLASS = YES_ERROR;
				CLANG_WARN_QUOTED_INCLUDE_IN_FRAMEWORK_HEADER = YES;
				CLANG_WARN_RANGE_LOOP_ANALYSIS = YES;
				CLANG_WARN_STRICT_PROTOTYPES = YES;
				CLANG_WARN_SUSPICIOUS_MOVE = YES;
				CLANG_WARN_UNGUARDED_AVAILABILITY = YES_AGGRESSIVE;
				CLANG_WARN_UNREACHABLE_CODE = YES;
				CLANG_WARN__DUPLICATE_METHOD_MATCH = YES;
				COPY_PHASE_STRIP = NO;
				DEBUG_INFORMATION_FORMAT = "dwarf-with-dsym";
				ENABLE_NS_ASSERTIONS = NO;
				ENABLE_STRICT_OBJC_MSGSEND = YES;
				GCC_C_LANGUAGE_STANDARD = gnu11;
				GCC_NO_COMMON_BLOCKS = YES;
				GCC_WARN_64_TO_32_BIT_CONVERSION = YES;
				GCC_WARN_ABOUT_RETURN_TYPE = YES_ERROR;
				GCC_WARN_UNDECLARED_SELECTOR = YES;
				GCC_WARN_UNINITIALIZED_AUTOS = YES_AGGRESSIVE;
				GCC_WARN_UNUSED_FUNCTION = YES;
				GCC_WARN_UNUSED_VARIABLE = YES;
				IPHONEOS_DEPLOYMENT_TARGET = 16.2;
				MTL_ENABLE_DEBUG_INFO = NO;
				MTL_FAST_MATH = YES;
				SDKROOT = iphoneos;
				SWIFT_COMPILATION_MODE = wholemodule;
				SWIFT_OPTIMIZATION_LEVEL = "-O";
				VALIDATE_PRODUCT = YES;
			};
			name = Release;
		};
		E9E9781DBDB13E9ACD0360C2 /* Debug */ = {
			isa = XCBuildConfiguration;
			buildSettings = {
				BUNDLE_LOADER = "$(BUILT_PRODUCTS_DIR)/Tower_iOS.app/Tower_iOS";
				CURRENT_PROJECT_VERSION = 1;
				FRAMEWORK_SEARCH_PATHS = "";
				GENERATE_INFOPLIST_FILE = YES;
				MARKETING_VERSION = 1.0;
				PRODUCT_BUNDLE_IDENTIFIER = "media.valo.Tower-iOSTests";
				PRODUCT_NAME = "$(TARGET_NAME)";
				SWIFT_EMIT_LOC_STRINGS = NO;
				SWIFT_VERSION = 5.0;
				TARGETED_DEVICE_FAMILY = "1,2";
				TEST_HOST = "$(BUNDLE_LOADER)";
			};
			name = Debug;
		};
		E9E979FF4F32CEAE46E328EB /* Debug */ = {
			isa = XCBuildConfiguration;
			buildSettings = {
				ALWAYS_SEARCH_USER_PATHS = NO;
				CLANG_ANALYZER_NONNULL = YES;
				CLANG_ANALYZER_NUMBER_OBJECT_CONVERSION = YES_AGGRESSIVE;
				CLANG_CXX_LANGUAGE_STANDARD = "gnu++20";
				CLANG_ENABLE_MODULES = YES;
				CLANG_ENABLE_OBJC_ARC = YES;
				CLANG_ENABLE_OBJC_WEAK = YES;
				CLANG_WARN_BLOCK_CAPTURE_AUTORELEASING = YES;
				CLANG_WARN_BOOL_CONVERSION = YES;
				CLANG_WARN_COMMA = YES;
				CLANG_WARN_CONSTANT_CONVERSION = YES;
				CLANG_WARN_DEPRECATED_OBJC_IMPLEMENTATIONS = YES;
				CLANG_WARN_DIRECT_OBJC_ISA_USAGE = YES_ERROR;
				CLANG_WARN_DOCUMENTATION_COMMENTS = YES;
				CLANG_WARN_EMPTY_BODY = YES;
				CLANG_WARN_ENUM_CONVERSION = YES;
				CLANG_WARN_INFINITE_RECURSION = YES;
				CLANG_WARN_INT_CONVERSION = YES;
				CLANG_WARN_NON_LITERAL_NULL_CONVERSION = YES;
				CLANG_WARN_OBJC_IMPLICIT_RETAIN_SELF = YES;
				CLANG_WARN_OBJC_LITERAL_CONVERSION = YES;
				CLANG_WARN_OBJC_ROOT_CLASS = YES_ERROR;
				CLANG_WARN_QUOTED_INCLUDE_IN_FRAMEWORK_HEADER = YES;
				CLANG_WARN_RANGE_LOOP_ANALYSIS = YES;
				CLANG_WARN_STRICT_PROTOTYPES = YES;
				CLANG_WARN_SUSPICIOUS_MOVE = YES;
				CLANG_WARN_UNGUARDED_AVAILABILITY = YES_AGGRESSIVE;
				CLANG_WARN_UNREACHABLE_CODE = YES;
				CLANG_WARN__DUPLICATE_METHOD_MATCH = YES;
				COPY_PHASE_STRIP = NO;
				DEBUG_INFORMATION_FORMAT = dwarf;
				ENABLE_STRICT_OBJC_MSGSEND = YES;
				ENABLE_TESTABILITY = YES;
				GCC_C_LANGUAGE_STANDARD = gnu11;
				GCC_DYNAMIC_NO_PIC = NO;
				GCC_NO_COMMON_BLOCKS = YES;
				GCC_OPTIMIZATION_LEVEL = 0;
				GCC_PREPROCESSOR_DEFINITIONS = (
					"DEBUG=1",
					"$(inherited)",
				);
				GCC_WARN_64_TO_32_BIT_CONVERSION = YES;
				GCC_WARN_ABOUT_RETURN_TYPE = YES_ERROR;
				GCC_WARN_UNDECLARED_SELECTOR = YES;
				GCC_WARN_UNINITIALIZED_AUTOS = YES_AGGRESSIVE;
				GCC_WARN_UNUSED_FUNCTION = YES;
				GCC_WARN_UNUSED_VARIABLE = YES;
				IPHONEOS_DEPLOYMENT_TARGET = 16.2;
				MTL_ENABLE_DEBUG_INFO = INCLUDE_SOURCE;
				MTL_FAST_MATH = YES;
				ONLY_ACTIVE_ARCH = YES;
				SDKROOT = iphoneos;
				SWIFT_ACTIVE_COMPILATION_CONDITIONS = DEBUG;
				SWIFT_OPTIMIZATION_LEVEL = "-Onone";
			};
			name = Debug;
		};
		E9E97B07AEEE10A6AB71926F /* Release */ = {
			isa = XCBuildConfiguration;
			buildSettings = {
				BUNDLE_LOADER = "$(BUILT_PRODUCTS_DIR)/Tower_iOS.app/Tower_iOS";
				CURRENT_PROJECT_VERSION = 1;
				FRAMEWORK_SEARCH_PATHS = "";
				GENERATE_INFOPLIST_FILE = YES;
				MARKETING_VERSION = 1.0;
				PRODUCT_BUNDLE_IDENTIFIER = "media.valo.Tower-iOSTests";
				PRODUCT_NAME = "$(TARGET_NAME)";
				SWIFT_EMIT_LOC_STRINGS = NO;
				SWIFT_VERSION = 5.0;
				TARGETED_DEVICE_FAMILY = "1,2";
				TEST_HOST = "$(BUNDLE_LOADER)";
			};
			name = Release;
		};
		E9E97BB4E1155C696ED9AFFC /* Release */ = {
			isa = XCBuildConfiguration;
			buildSettings = {
				ASSETCATALOG_COMPILER_APPICON_NAME = AppIcon;
				ASSETCATALOG_COMPILER_GLOBAL_ACCENT_COLOR_NAME = AccentColor;
				CURRENT_PROJECT_VERSION = 3;
				DEVELOPMENT_ASSET_PATHS = "\"Tower_iOS/Preview Content\"";
				DEVELOPMENT_TEAM = PKW2VF887G;
				ENABLE_PREVIEWS = YES;
				FRAMEWORK_SEARCH_PATHS = "$(PROJECT_DIR)/";
				GENERATE_INFOPLIST_FILE = YES;
				INFOPLIST_FILE = "Tower_iOS/Tower-iOS-Info.plist";
				INFOPLIST_KEY_CFBundleDisplayName = Tower;
				INFOPLIST_KEY_LSApplicationCategoryType = "public.app-category.lifestyle";
				INFOPLIST_KEY_NSCameraUsageDescription = "Diese App benutzt die Kamera, um den Assistent:innen die Umgebung zu zeigen.";
				INFOPLIST_KEY_NSLocationWhenInUseUsageDescription = "Diese App benutzt Ortungsdienste, um den Assistent:innen den aktuellen Standort mitzuteilen.";
				INFOPLIST_KEY_NSMicrophoneUsageDescription = "Diese App benutzt das Mikrofon, um die Kommunikation mit den Assistent:innen zu ermöglichen.";
				INFOPLIST_KEY_UIApplicationSupportsIndirectInputEvents = YES;
				INFOPLIST_KEY_UILaunchScreen_Generation = YES;
				INFOPLIST_KEY_UISupportedInterfaceOrientations_iPad = "UIInterfaceOrientationPortrait UIInterfaceOrientationPortraitUpsideDown UIInterfaceOrientationLandscapeLeft UIInterfaceOrientationLandscapeRight";
				INFOPLIST_KEY_UISupportedInterfaceOrientations_iPhone = "UIInterfaceOrientationPortrait UIInterfaceOrientationLandscapeLeft UIInterfaceOrientationLandscapeRight";
				LD_RUNPATH_SEARCH_PATHS = (
					"$(inherited)",
					"@executable_path/Frameworks",
				);
				MARKETING_VERSION = 0.1.0;
				OTHER_LDFLAGS = (
					"-lc++",
					"-ObjC",
				);
				PRODUCT_BUNDLE_IDENTIFIER = "media.valo.Tower-iOS";
				PRODUCT_NAME = "$(TARGET_NAME)";
				SWIFT_EMIT_LOC_STRINGS = YES;
				SWIFT_VERSION = 5.0;
				TARGETED_DEVICE_FAMILY = "1,2";
			};
			name = Release;
		};
		E9E97BEFB4A72DACE4577BC7 /* Release */ = {
			isa = XCBuildConfiguration;
			buildSettings = {
				CURRENT_PROJECT_VERSION = 1;
				DEVELOPMENT_TEAM = PKW2VF887G;
				FRAMEWORK_SEARCH_PATHS = "";
				GENERATE_INFOPLIST_FILE = YES;
				MARKETING_VERSION = 1.0;
				PRODUCT_BUNDLE_IDENTIFIER = "media.valo.Tower-iOSUITests";
				PRODUCT_NAME = "$(TARGET_NAME)";
				SWIFT_EMIT_LOC_STRINGS = NO;
				SWIFT_VERSION = 5.0;
				TARGETED_DEVICE_FAMILY = "1,2";
				TEST_TARGET_NAME = Tower_iOS;
			};
			name = Release;
		};
		E9E97CA04B810F9000BDF5B4 /* Debug */ = {
			isa = XCBuildConfiguration;
			buildSettings = {
				ASSETCATALOG_COMPILER_APPICON_NAME = AppIcon;
				ASSETCATALOG_COMPILER_GLOBAL_ACCENT_COLOR_NAME = AccentColor;
				CURRENT_PROJECT_VERSION = 3;
				DEVELOPMENT_ASSET_PATHS = "\"Tower_iOS/Preview Content\"";
				DEVELOPMENT_TEAM = PKW2VF887G;
				ENABLE_PREVIEWS = YES;
				FRAMEWORK_SEARCH_PATHS = "$(PROJECT_DIR)/";
				GENERATE_INFOPLIST_FILE = YES;
				INFOPLIST_FILE = "Tower_iOS/Tower-iOS-Info.plist";
				INFOPLIST_KEY_CFBundleDisplayName = Tower;
				INFOPLIST_KEY_LSApplicationCategoryType = "public.app-category.lifestyle";
				INFOPLIST_KEY_NSCameraUsageDescription = "Diese App benutzt die Kamera, um den Assistent:innen die Umgebung zu zeigen.";
				INFOPLIST_KEY_NSLocationWhenInUseUsageDescription = "Diese App benutzt Ortungsdienste, um den Assistent:innen den aktuellen Standort mitzuteilen.";
				INFOPLIST_KEY_NSMicrophoneUsageDescription = "Diese App benutzt das Mikrofon, um die Kommunikation mit den Assistent:innen zu ermöglichen.";
				INFOPLIST_KEY_UIApplicationSceneManifest_Generation = YES;
				INFOPLIST_KEY_UIApplicationSupportsIndirectInputEvents = YES;
				INFOPLIST_KEY_UILaunchScreen_Generation = YES;
				INFOPLIST_KEY_UISupportedInterfaceOrientations_iPad = "UIInterfaceOrientationPortrait UIInterfaceOrientationPortraitUpsideDown UIInterfaceOrientationLandscapeLeft UIInterfaceOrientationLandscapeRight";
				INFOPLIST_KEY_UISupportedInterfaceOrientations_iPhone = "UIInterfaceOrientationPortrait UIInterfaceOrientationLandscapeLeft UIInterfaceOrientationLandscapeRight";
				LD_RUNPATH_SEARCH_PATHS = (
					"$(inherited)",
					"@executable_path/Frameworks",
				);
				MARKETING_VERSION = 0.1.0;
				OTHER_LDFLAGS = (
					"-lc++",
					"-ObjC",
				);
				PRODUCT_BUNDLE_IDENTIFIER = "media.valo.Tower-iOS";
				PRODUCT_NAME = "$(TARGET_NAME)";
				SWIFT_EMIT_LOC_STRINGS = YES;
				SWIFT_VERSION = 5.0;
				TARGETED_DEVICE_FAMILY = "1,2";
			};
			name = Debug;
		};
		E9E97F8ABB4C2130CCE9F14B /* Debug */ = {
			isa = XCBuildConfiguration;
			buildSettings = {
				CURRENT_PROJECT_VERSION = 1;
				DEVELOPMENT_TEAM = PKW2VF887G;
				FRAMEWORK_SEARCH_PATHS = "";
				GENERATE_INFOPLIST_FILE = YES;
				MARKETING_VERSION = 1.0;
				PRODUCT_BUNDLE_IDENTIFIER = "media.valo.Tower-iOSUITests";
				PRODUCT_NAME = "$(TARGET_NAME)";
				SWIFT_EMIT_LOC_STRINGS = NO;
				SWIFT_VERSION = 5.0;
				TARGETED_DEVICE_FAMILY = "1,2";
				TEST_TARGET_NAME = Tower_iOS;
			};
			name = Debug;
		};
/* End XCBuildConfiguration section */

/* Begin XCConfigurationList section */
		E9E970F6DA87A4BAAFC4B611 /* Build configuration list for PBXProject "Tower_iOS" */ = {
			isa = XCConfigurationList;
			buildConfigurations = (
				E9E979FF4F32CEAE46E328EB /* Debug */,
				E9E977FB873B480A14D47AE5 /* Release */,
			);
			defaultConfigurationIsVisible = 0;
			defaultConfigurationName = Release;
		};
		E9E9787530163BCF908D981F /* Build configuration list for PBXNativeTarget "Tower_iOSUITests" */ = {
			isa = XCConfigurationList;
			buildConfigurations = (
				E9E97F8ABB4C2130CCE9F14B /* Debug */,
				E9E97BEFB4A72DACE4577BC7 /* Release */,
			);
			defaultConfigurationIsVisible = 0;
			defaultConfigurationName = Release;
		};
		E9E97BAEACB49C788B2532C5 /* Build configuration list for PBXNativeTarget "Tower_iOS" */ = {
			isa = XCConfigurationList;
			buildConfigurations = (
				E9E97CA04B810F9000BDF5B4 /* Debug */,
				E9E97BB4E1155C696ED9AFFC /* Release */,
			);
			defaultConfigurationIsVisible = 0;
			defaultConfigurationName = Release;
		};
		E9E97CF6A7D13419B527A1EF /* Build configuration list for PBXNativeTarget "Tower_iOSTests" */ = {
			isa = XCConfigurationList;
			buildConfigurations = (
				E9E9781DBDB13E9ACD0360C2 /* Debug */,
				E9E97B07AEEE10A6AB71926F /* Release */,
			);
			defaultConfigurationIsVisible = 0;
			defaultConfigurationName = Release;
		};
/* End XCConfigurationList section */
	};
	rootObject = E9E970CF23B28B42EF6060D8 /* Project object */;
}
