// !$*UTF8*$!
{
	archiveVersion = 1;
	classes = {
	};
	objectVersion = 54;
	objects = {

/* Begin PBXBuildFile section */
		79BBFF54BDAF562C38A27D7D /* Pods_Tower_iOS_Tower_iOSUITests.framework in Frameworks */ = {isa = PBXBuildFile; fileRef = CB9396403C98BBA9AB472014 /* Pods_Tower_iOS_Tower_iOSUITests.framework */; };
		7A633F105F3FC525B55AAB9A /* Pods_Tower_iOS.framework in Frameworks */ = {isa = PBXBuildFile; fileRef = 6B24231535EBB3B60DD5E832 /* Pods_Tower_iOS.framework */; };
		E105F9802C4082380041B38F /* PrivacyInfo.xcprivacy in Resources */ = {isa = PBXBuildFile; fileRef = E105F97F2C4082380041B38F /* PrivacyInfo.xcprivacy */; };
		E154D2632C9844B1004751CF /* call-start-tone.mp3 in Resources */ = {isa = PBXBuildFile; fileRef = E154D25F2C9844B1004751CF /* call-start-tone.mp3 */; };
		E154D2642C9844B1004751CF /* call-end-tone.mp3 in Resources */ = {isa = PBXBuildFile; fileRef = E154D2602C9844B1004751CF /* call-end-tone.mp3 */; };
		E154D2652C9844B1004751CF /* call-error-tone.mp3 in Resources */ = {isa = PBXBuildFile; fileRef = E154D2612C9844B1004751CF /* call-error-tone.mp3 */; };
		E154D2662C9844B1004751CF /* call-ringback-tone.mp3 in Resources */ = {isa = PBXBuildFile; fileRef = E154D2622C9844B1004751CF /* call-ringback-tone.mp3 */; };
		E154D2682C9844CA004751CF /* AVPlayer+callEndTone.swift in Sources */ = {isa = PBXBuildFile; fileRef = E154D2672C9844CA004751CF /* AVPlayer+callEndTone.swift */; };
		E154D26A2C9845C2004751CF /* AVPlayer+callErrorTone.swift in Sources */ = {isa = PBXBuildFile; fileRef = E154D2692C9845C2004751CF /* AVPlayer+callErrorTone.swift */; };
		E154D26C2C984942004751CF /* AVPlayer+callRingbackTone.swift in Sources */ = {isa = PBXBuildFile; fileRef = E154D26B2C984942004751CF /* AVPlayer+callRingbackTone.swift */; };
		E154D26E2C984A22004751CF /* AVPlayer+callStartTone.swift in Sources */ = {isa = PBXBuildFile; fileRef = E154D26D2C984A22004751CF /* AVPlayer+callStartTone.swift */; };
		E15F9B312CD64B0D005FBB8C /* CallQualityLevel.swift in Sources */ = {isa = PBXBuildFile; fileRef = E15F9B302CD64B01005FBB8C /* CallQualityLevel.swift */; };
		E15F9B332CD6531F005FBB8C /* Settings+callQualityLevel.swift in Sources */ = {isa = PBXBuildFile; fileRef = E15F9B322CD65313005FBB8C /* Settings+callQualityLevel.swift */; };
		E1638CB82C48FC5A003A8A1B /* CameraController.swift in Sources */ = {isa = PBXBuildFile; fileRef = E1638CB72C48FC5A003A8A1B /* CameraController.swift */; };
		E1CB1BD12C5A9A170078AF3A /* CIImage+image.swift in Sources */ = {isa = PBXBuildFile; fileRef = E1CB1BD02C5A9A170078AF3A /* CIImage+image.swift */; };
		E1CB1BD32C5A9B5C0078AF3A /* Image_Orientation+init.swift in Sources */ = {isa = PBXBuildFile; fileRef = E1CB1BD22C5A9B5C0078AF3A /* Image_Orientation+init.swift */; };
		E1CB1BD72C5B87860078AF3A /* CameraError.swift in Sources */ = {isa = PBXBuildFile; fileRef = E1CB1BD62C5B87860078AF3A /* CameraError.swift */; };
		E1CB1BD92C5B93680078AF3A /* CapturePhotoResponseData.swift in Sources */ = {isa = PBXBuildFile; fileRef = E1CB1BD82C5B93680078AF3A /* CapturePhotoResponseData.swift */; };
		E1CB1BDB2C5FEDF40078AF3A /* PhotoData.swift in Sources */ = {isa = PBXBuildFile; fileRef = E1CB1BDA2C5FEDF40078AF3A /* PhotoData.swift */; };
		E1CB1BDD2C5FEEEA0078AF3A /* ImageSize.swift in Sources */ = {isa = PBXBuildFile; fileRef = E1CB1BDC2C5FEEEA0078AF3A /* ImageSize.swift */; };
		E1CF03322C603F1000A5F303 /* Sequence+compacted.swift in Sources */ = {isa = PBXBuildFile; fileRef = E1CF03312C603F1000A5F303 /* Sequence+compacted.swift */; };
		E1CF03362C605A2200A5F303 /* ConcurrentMutableSet.swift in Sources */ = {isa = PBXBuildFile; fileRef = E1CF03352C605A2200A5F303 /* ConcurrentMutableSet.swift */; };
		E1D03DAA29DDE2510061E831 /* Settings.bundle in Resources */ = {isa = PBXBuildFile; fileRef = E1D03DA929DDE2510061E831 /* Settings.bundle */; };
		E1DF7A922CEA645C000498C0 /* CallQualityData.swift in Sources */ = {isa = PBXBuildFile; fileRef = E1DF7A912CEA645C000498C0 /* CallQualityData.swift */; };
		E1E32B312D08A42B00617B34 /* User.swift in Sources */ = {isa = PBXBuildFile; fileRef = E1E32B302D08A42B00617B34 /* User.swift */; };
		E1ECE0372C00E0490041180E /* AmazonChimeSDK in Frameworks */ = {isa = PBXBuildFile; productRef = E1ECE0362C00E0490041180E /* AmazonChimeSDK */; };
		E1ECE0392C00E0490041180E /* AmazonChimeSDKMachineLearning in Frameworks */ = {isa = PBXBuildFile; productRef = E1ECE0382C00E0490041180E /* AmazonChimeSDKMachineLearning */; };
		E1ECE03B2C00E0490041180E /* AmazonChimeSDKMedia in Frameworks */ = {isa = PBXBuildFile; productRef = E1ECE03A2C00E0490041180E /* AmazonChimeSDKMedia */; };
		E9338EF22C7DF7CB008AFF72 /* LoginSheet.swift in Sources */ = {isa = PBXBuildFile; fileRef = E9338EF12C7DF7CB008AFF72 /* LoginSheet.swift */; };
		E9E970154CE4DA57BDFDBB82 /* CLLocationCoordinate2D+Codable.swift in Sources */ = {isa = PBXBuildFile; fileRef = E9E971BAD21CD422E07B49CA /* CLLocationCoordinate2D+Codable.swift */; };
		E9E97019B37499CA04712337 /* Tower_iOSUITests.swift in Sources */ = {isa = PBXBuildFile; fileRef = E9E9716E829BE958A2504321 /* Tower_iOSUITests.swift */; };
		E9E9703F5A4E3253CBF969A2 /* Strings.stencil in Resources */ = {isa = PBXBuildFile; fileRef = E9E97449F17B1C6ABD985920 /* Strings.stencil */; };
		E9E970595F70053E9C579045 /* Location.swift in Sources */ = {isa = PBXBuildFile; fileRef = E9E9780CA784F10F6DA82E56 /* Location.swift */; };
		E9E9708D48B02103D0D3FDF3 /* JSONDecoder+shared.swift in Sources */ = {isa = PBXBuildFile; fileRef = E9E973C816FD9EF73B5606F6 /* JSONDecoder+shared.swift */; };
		E9E971EA7EED860BC42B0029 /* PreviewProvider+env.swift in Sources */ = {isa = PBXBuildFile; fileRef = E9E97F1B5AB45A46393533FC /* PreviewProvider+env.swift */; };
		E9E971EB19779781F28DA3D6 /* TowerEnvironment.swift in Sources */ = {isa = PBXBuildFile; fileRef = E9E9700F363770A1847466DE /* TowerEnvironment.swift */; };
		E9E9723D2463B5A09B3C2EEE /* LeadingIconLabelStyle.swift in Sources */ = {isa = PBXBuildFile; fileRef = E9E97CC102CAF905C77A7414 /* LeadingIconLabelStyle.swift */; };
		E9E97293EE5E7BBDD50F4281 /* JSONEncoder+shared.swift in Sources */ = {isa = PBXBuildFile; fileRef = E9E970A6EA11E43D2888ECD5 /* JSONEncoder+shared.swift */; };
		E9E972A064B4EECA6E5DE6DE /* Assets+Generated.swift in Sources */ = {isa = PBXBuildFile; fileRef = E9E973F83FB2243F93C24577 /* Assets+Generated.swift */; };
		E9E972AA45FF24396D4D2597 /* CallController.swift in Sources */ = {isa = PBXBuildFile; fileRef = E9E9787B1722DC8C49605991 /* CallController.swift */; };
		E9E972ED7746A4DADA73309F /* Bool+else.swift in Sources */ = {isa = PBXBuildFile; fileRef = E9E97E5A9111D126202C0CB4 /* Bool+else.swift */; };
		E9E97475D6643D80F248B3A7 /* Wrapper.swift in Sources */ = {isa = PBXBuildFile; fileRef = E9E979C360B6E8A4C2F1D458 /* Wrapper.swift */; };
		E9E974C61651AD8E3238FA72 /* DolceVitaHeavyBold.ttf in Resources */ = {isa = PBXBuildFile; fileRef = E9E979C2B3EBCB06EBACBDA4 /* DolceVitaHeavyBold.ttf */; };
		E9E974D189DE37E8BD13DC81 /* ErrorWrapper.swift in Sources */ = {isa = PBXBuildFile; fileRef = E9E97EFFD492CB4CD07DBB2A /* ErrorWrapper.swift */; };
		E9E975E90CDBECC6A22C2BE3 /* Tower_iOSUITestsLaunchTests.swift in Sources */ = {isa = PBXBuildFile; fileRef = E9E973E2575686E9297841D8 /* Tower_iOSUITestsLaunchTests.swift */; };
		E9E976708DDB581904D3D353 /* Tower_iOSApp.swift in Sources */ = {isa = PBXBuildFile; fileRef = E9E97B1C26E03B3C913AE967 /* Tower_iOSApp.swift */; };
		E9E976D5D9A332B0540EA16C /* swiftgen.sh in Resources */ = {isa = PBXBuildFile; fileRef = E9E97B8B66372C78A442F83F /* swiftgen.sh */; };
		E9E976F42D1E4BAA7BAAF7BE /* Settings.stencil in Resources */ = {isa = PBXBuildFile; fileRef = E9E97082EE84DC39CD0A5259 /* Settings.stencil */; };
		E9E9773EFE2B1DCFC3F67310 /* swiftgenInputFiles.xcfilelist in Resources */ = {isa = PBXBuildFile; fileRef = E9E9739962E5C94DE982482A /* swiftgenInputFiles.xcfilelist */; };
		E9E977563F415BA3CF2FCDAA /* Font+tower.swift in Sources */ = {isa = PBXBuildFile; fileRef = E9E9739414376D953A5C2437 /* Font+tower.swift */; };
		E9E9775BEDEF26BE1277B6BC /* ErrorView.swift in Sources */ = {isa = PBXBuildFile; fileRef = E9E97D9BDC1AF314FB168996 /* ErrorView.swift */; };
		E9E977BE52440D6C568D87BA /* View+if.swift in Sources */ = {isa = PBXBuildFile; fileRef = E9E97D7516F46B4EEA971AE7 /* View+if.swift */; };
		E9E977C6623BEF99AF35CC84 /* swiftgenOutputFiles.xcfilelist in Resources */ = {isa = PBXBuildFile; fileRef = E9E97ED05425606EE0CF25B0 /* swiftgenOutputFiles.xcfilelist */; };
		E9E9781549327F384DC28A51 /* NoContentView.swift in Sources */ = {isa = PBXBuildFile; fileRef = E9E97EB3DFB54D930AF9F92A /* NoContentView.swift */; };
		E9E9785836011CE532198B31 /* OnboardingSheet.swift in Sources */ = {isa = PBXBuildFile; fileRef = E9E97F677B23E66B4EA4066E /* OnboardingSheet.swift */; };
		E9E97947A6C162284CD55C77 /* TowerError.swift in Sources */ = {isa = PBXBuildFile; fileRef = E9E97D46831D8B34FB1AE1F1 /* TowerError.swift */; };
		E9E979589AE0CB1D1ECD8E98 /* Assets.xcassets in Resources */ = {isa = PBXBuildFile; fileRef = E9E976112608FD8C951A230A /* Assets.xcassets */; };
		E9E97985109BA7C9049A6A0E /* LocationEventData.swift in Sources */ = {isa = PBXBuildFile; fileRef = E9E9737E107A7605C81485F7 /* LocationEventData.swift */; };
		E9E979C728D84904A56D8864 /* View+ifNotNil.swift in Sources */ = {isa = PBXBuildFile; fileRef = E9E97717C5D0FDCA28C0662B /* View+ifNotNil.swift */; };
		E9E97ACA8F9ACDF0962A795A /* DataMessageTopic.swift in Sources */ = {isa = PBXBuildFile; fileRef = E9E97C431C208C3170E8D87C /* DataMessageTopic.swift */; };
		E9E97ACB93E9A4DBEC1906D6 /* CLLocation+init.swift in Sources */ = {isa = PBXBuildFile; fileRef = E9E97EC736E76FA9F24A1789 /* CLLocation+init.swift */; };
		E9E97AD55211643704B83C6C /* ContentView.swift in Sources */ = {isa = PBXBuildFile; fileRef = E9E976D0CDD10DBCEC1EE97F /* ContentView.swift */; };
		E9E97B8E8042313538C7361C /* swiftgen.yml in Resources */ = {isa = PBXBuildFile; fileRef = E9E9742C24106EEB45A99FFB /* swiftgen.yml */; };
		E9E97BCF1EC8421C7FFFD918 /* CallSheet.swift in Sources */ = {isa = PBXBuildFile; fileRef = E9E97EFA3591C2A194430BD3 /* CallSheet.swift */; };
		E9E97D4F27144BB2E5B00D70 /* JoinResponse.swift in Sources */ = {isa = PBXBuildFile; fileRef = E9E9705FDC69B0006A0F2A88 /* JoinResponse.swift */; };
		E9E97D676B5FC0654D0AE376 /* TrailingIconLabelStyle.swift in Sources */ = {isa = PBXBuildFile; fileRef = E9E97D6548DE190EC3DAD6CD /* TrailingIconLabelStyle.swift */; };
		E9E97D9435E71A5FB03C32C2 /* Bool+then.swift in Sources */ = {isa = PBXBuildFile; fileRef = E9E9737CE0BA23F6FA9AE619 /* Bool+then.swift */; };
		E9E97D987307335B79C9339E /* LocationController.swift in Sources */ = {isa = PBXBuildFile; fileRef = E9E979DC20654943442D3251 /* LocationController.swift */; };
		E9E97DAF49ACFBD2BD94CB5F /* TowerApi.swift in Sources */ = {isa = PBXBuildFile; fileRef = E9E97EBFD1B3060D27E32B34 /* TowerApi.swift */; };
		E9E97DC5146A1DC309049ABA /* Assets.stencil in Resources */ = {isa = PBXBuildFile; fileRef = E9E978CCD179D7A92701559C /* Assets.stencil */; };
		E9E97E935578B91E74C5F7B9 /* Tower_iOSTests.swift in Sources */ = {isa = PBXBuildFile; fileRef = E9E97260BBD5D0A05DD50473 /* Tower_iOSTests.swift */; };
		E9E97F16E513CFDC104779A8 /* View+hidden.swift in Sources */ = {isa = PBXBuildFile; fileRef = E9E97F491C70B029FFA1AFE7 /* View+hidden.swift */; };
		E9E97F39E2ED8B908232E0A3 /* Preview Assets.xcassets in Resources */ = {isa = PBXBuildFile; fileRef = E9E97F3912449DD2605F6202 /* Preview Assets.xcassets */; };
		E9E97F55954B805E6C79A4C6 /* Optional+throwingUnwrapOperator.swift in Sources */ = {isa = PBXBuildFile; fileRef = E9E976940E08971EC4DE8312 /* Optional+throwingUnwrapOperator.swift */; };
		E9E97F7C4E4BA29DED0D62A5 /* Settings+Generated.swift in Sources */ = {isa = PBXBuildFile; fileRef = E9E977A62B8656EAEC142C8F /* Settings+Generated.swift */; };
		E9E97F96A50CF792153BAF94 /* MissingFeatureView.swift in Sources */ = {isa = PBXBuildFile; fileRef = E9E971CC4CD62D229DA2C740 /* MissingFeatureView.swift */; };
		F5248DC9A685BCCA9B722229 /* Pods_Tower_iOSTests.framework in Frameworks */ = {isa = PBXBuildFile; fileRef = B20B5F403853749BA57CCF88 /* Pods_Tower_iOSTests.framework */; };
/* End PBXBuildFile section */

/* Begin PBXContainerItemProxy section */
		E9E9750DEC81D23AA267C004 /* PBXContainerItemProxy */ = {
			isa = PBXContainerItemProxy;
			containerPortal = E9E970CF23B28B42EF6060D8 /* Project object */;
			proxyType = 1;
			remoteGlobalIDString = E9E9788D0F6AB5A2D5ECD54C;
			remoteInfo = Tower_iOS;
		};
		E9E9794E7F3FC655CB1AE9E1 /* PBXContainerItemProxy */ = {
			isa = PBXContainerItemProxy;
			containerPortal = E9E970CF23B28B42EF6060D8 /* Project object */;
			proxyType = 1;
			remoteGlobalIDString = E9E9788D0F6AB5A2D5ECD54C;
			remoteInfo = Tower_iOS;
		};
/* End PBXContainerItemProxy section */

/* Begin PBXCopyFilesBuildPhase section */
		E11F4EB329EFA50C00D39816 /* Embed Frameworks */ = {
			isa = PBXCopyFilesBuildPhase;
			buildActionMask = 2147483647;
			dstPath = "";
			dstSubfolderSpec = 10;
			files = (
			);
			name = "Embed Frameworks";
			runOnlyForDeploymentPostprocessing = 0;
		};
/* End PBXCopyFilesBuildPhase section */

/* Begin PBXFileReference section */
		12951A18D2A6A277AC687368 /* Pods-Tower_iOS-Tower_iOSUITests.release.xcconfig */ = {isa = PBXFileReference; includeInIndex = 1; lastKnownFileType = text.xcconfig; name = "Pods-Tower_iOS-Tower_iOSUITests.release.xcconfig"; path = "Target Support Files/Pods-Tower_iOS-Tower_iOSUITests/Pods-Tower_iOS-Tower_iOSUITests.release.xcconfig"; sourceTree = "<group>"; };
		4B2E95B1078D44113E343532 /* Pods-Tower_iOS.release.xcconfig */ = {isa = PBXFileReference; includeInIndex = 1; lastKnownFileType = text.xcconfig; name = "Pods-Tower_iOS.release.xcconfig"; path = "Target Support Files/Pods-Tower_iOS/Pods-Tower_iOS.release.xcconfig"; sourceTree = "<group>"; };
		6B24231535EBB3B60DD5E832 /* Pods_Tower_iOS.framework */ = {isa = PBXFileReference; explicitFileType = wrapper.framework; includeInIndex = 0; path = Pods_Tower_iOS.framework; sourceTree = BUILT_PRODUCTS_DIR; };
		7032F01BE637D423A1144679 /* Pods-Tower_iOS.debug.xcconfig */ = {isa = PBXFileReference; includeInIndex = 1; lastKnownFileType = text.xcconfig; name = "Pods-Tower_iOS.debug.xcconfig"; path = "Target Support Files/Pods-Tower_iOS/Pods-Tower_iOS.debug.xcconfig"; sourceTree = "<group>"; };
		7346C2F2FD761E0BC62D7F3C /* Pods-Tower_iOSTests.debug.xcconfig */ = {isa = PBXFileReference; includeInIndex = 1; lastKnownFileType = text.xcconfig; name = "Pods-Tower_iOSTests.debug.xcconfig"; path = "Target Support Files/Pods-Tower_iOSTests/Pods-Tower_iOSTests.debug.xcconfig"; sourceTree = "<group>"; };
		75B30FDC1EE6B526BC5105B6 /* Pods-Tower_iOS-Tower_iOSUITests.debug.xcconfig */ = {isa = PBXFileReference; includeInIndex = 1; lastKnownFileType = text.xcconfig; name = "Pods-Tower_iOS-Tower_iOSUITests.debug.xcconfig"; path = "Target Support Files/Pods-Tower_iOS-Tower_iOSUITests/Pods-Tower_iOS-Tower_iOSUITests.debug.xcconfig"; sourceTree = "<group>"; };
		B20B5F403853749BA57CCF88 /* Pods_Tower_iOSTests.framework */ = {isa = PBXFileReference; explicitFileType = wrapper.framework; includeInIndex = 0; path = Pods_Tower_iOSTests.framework; sourceTree = BUILT_PRODUCTS_DIR; };
		CB9396403C98BBA9AB472014 /* Pods_Tower_iOS_Tower_iOSUITests.framework */ = {isa = PBXFileReference; explicitFileType = wrapper.framework; includeInIndex = 0; path = Pods_Tower_iOS_Tower_iOSUITests.framework; sourceTree = BUILT_PRODUCTS_DIR; };
		CEFF2F75F52C4766E1426D1E /* Pods-Tower_iOSTests.release.xcconfig */ = {isa = PBXFileReference; includeInIndex = 1; lastKnownFileType = text.xcconfig; name = "Pods-Tower_iOSTests.release.xcconfig"; path = "Target Support Files/Pods-Tower_iOSTests/Pods-Tower_iOSTests.release.xcconfig"; sourceTree = "<group>"; };
		E105F97F2C4082380041B38F /* PrivacyInfo.xcprivacy */ = {isa = PBXFileReference; lastKnownFileType = text.xml; path = PrivacyInfo.xcprivacy; sourceTree = "<group>"; };
		E154D25F2C9844B1004751CF /* call-start-tone.mp3 */ = {isa = PBXFileReference; lastKnownFileType = audio.mp3; path = "call-start-tone.mp3"; sourceTree = "<group>"; };
		E154D2602C9844B1004751CF /* call-end-tone.mp3 */ = {isa = PBXFileReference; lastKnownFileType = audio.mp3; path = "call-end-tone.mp3"; sourceTree = "<group>"; };
		E154D2612C9844B1004751CF /* call-error-tone.mp3 */ = {isa = PBXFileReference; lastKnownFileType = audio.mp3; path = "call-error-tone.mp3"; sourceTree = "<group>"; };
		E154D2622C9844B1004751CF /* call-ringback-tone.mp3 */ = {isa = PBXFileReference; lastKnownFileType = audio.mp3; path = "call-ringback-tone.mp3"; sourceTree = "<group>"; };
		E154D2672C9844CA004751CF /* AVPlayer+callEndTone.swift */ = {isa = PBXFileReference; lastKnownFileType = sourcecode.swift; path = "AVPlayer+callEndTone.swift"; sourceTree = "<group>"; };
		E154D2692C9845C2004751CF /* AVPlayer+callErrorTone.swift */ = {isa = PBXFileReference; lastKnownFileType = sourcecode.swift; path = "AVPlayer+callErrorTone.swift"; sourceTree = "<group>"; };
		E154D26B2C984942004751CF /* AVPlayer+callRingbackTone.swift */ = {isa = PBXFileReference; lastKnownFileType = sourcecode.swift; path = "AVPlayer+callRingbackTone.swift"; sourceTree = "<group>"; };
		E154D26D2C984A22004751CF /* AVPlayer+callStartTone.swift */ = {isa = PBXFileReference; lastKnownFileType = sourcecode.swift; path = "AVPlayer+callStartTone.swift"; sourceTree = "<group>"; };
		E15E8B962C6D497E00BC8B90 /* ACKNOWLEDGEMENTS.txt */ = {isa = PBXFileReference; lastKnownFileType = text; path = ACKNOWLEDGEMENTS.txt; sourceTree = "<group>"; };
		E15F9B302CD64B01005FBB8C /* CallQualityLevel.swift */ = {isa = PBXFileReference; lastKnownFileType = sourcecode.swift; path = CallQualityLevel.swift; sourceTree = "<group>"; };
		E15F9B322CD65313005FBB8C /* Settings+callQualityLevel.swift */ = {isa = PBXFileReference; lastKnownFileType = sourcecode.swift; path = "Settings+callQualityLevel.swift"; sourceTree = "<group>"; };
		E1638CB72C48FC5A003A8A1B /* CameraController.swift */ = {isa = PBXFileReference; fileEncoding = 4; lastKnownFileType = sourcecode.swift; path = CameraController.swift; sourceTree = "<group>"; };
		E181F16C2BF11AE00081A83D /* .gitkeep */ = {isa = PBXFileReference; lastKnownFileType = text; path = .gitkeep; sourceTree = "<group>"; };
		E195FEA42A1E03FD00A506EA /* Tower-iOS-Info.plist */ = {isa = PBXFileReference; fileEncoding = 4; lastKnownFileType = text.plist.xml; path = "Tower-iOS-Info.plist"; sourceTree = "<group>"; };
		E1CB1BD02C5A9A170078AF3A /* CIImage+image.swift */ = {isa = PBXFileReference; lastKnownFileType = sourcecode.swift; path = "CIImage+image.swift"; sourceTree = "<group>"; };
		E1CB1BD22C5A9B5C0078AF3A /* Image_Orientation+init.swift */ = {isa = PBXFileReference; lastKnownFileType = sourcecode.swift; path = "Image_Orientation+init.swift"; sourceTree = "<group>"; };
		E1CB1BD62C5B87860078AF3A /* CameraError.swift */ = {isa = PBXFileReference; lastKnownFileType = sourcecode.swift; path = CameraError.swift; sourceTree = "<group>"; };
		E1CB1BD82C5B93680078AF3A /* CapturePhotoResponseData.swift */ = {isa = PBXFileReference; lastKnownFileType = sourcecode.swift; path = CapturePhotoResponseData.swift; sourceTree = "<group>"; };
		E1CB1BDA2C5FEDF40078AF3A /* PhotoData.swift */ = {isa = PBXFileReference; lastKnownFileType = sourcecode.swift; path = PhotoData.swift; sourceTree = "<group>"; };
		E1CB1BDC2C5FEEEA0078AF3A /* ImageSize.swift */ = {isa = PBXFileReference; lastKnownFileType = sourcecode.swift; path = ImageSize.swift; sourceTree = "<group>"; };
		E1CF03312C603F1000A5F303 /* Sequence+compacted.swift */ = {isa = PBXFileReference; lastKnownFileType = sourcecode.swift; path = "Sequence+compacted.swift"; sourceTree = "<group>"; };
		E1CF03352C605A2200A5F303 /* ConcurrentMutableSet.swift */ = {isa = PBXFileReference; lastKnownFileType = sourcecode.swift; path = ConcurrentMutableSet.swift; sourceTree = "<group>"; };
		E1D03DA929DDE2510061E831 /* Settings.bundle */ = {isa = PBXFileReference; lastKnownFileType = "wrapper.plug-in"; path = Settings.bundle; sourceTree = "<group>"; };
		E1DF7A912CEA645C000498C0 /* CallQualityData.swift */ = {isa = PBXFileReference; lastKnownFileType = sourcecode.swift; path = CallQualityData.swift; sourceTree = "<group>"; };
		E1E32B302D08A42B00617B34 /* User.swift */ = {isa = PBXFileReference; lastKnownFileType = sourcecode.swift; path = User.swift; sourceTree = "<group>"; };
		E9338EF12C7DF7CB008AFF72 /* LoginSheet.swift */ = {isa = PBXFileReference; lastKnownFileType = sourcecode.swift; path = LoginSheet.swift; sourceTree = "<group>"; };
		E9E9700F363770A1847466DE /* TowerEnvironment.swift */ = {isa = PBXFileReference; fileEncoding = 4; lastKnownFileType = sourcecode.swift; path = TowerEnvironment.swift; sourceTree = "<group>"; };
		E9E9701FB102ED2BA117951D /* LICENSE */ = {isa = PBXFileReference; fileEncoding = 4; lastKnownFileType = text; path = LICENSE; sourceTree = "<group>"; };
		E9E9705FDC69B0006A0F2A88 /* JoinResponse.swift */ = {isa = PBXFileReference; fileEncoding = 4; lastKnownFileType = sourcecode.swift; path = JoinResponse.swift; sourceTree = "<group>"; };
		E9E97082EE84DC39CD0A5259 /* Settings.stencil */ = {isa = PBXFileReference; lastKnownFileType = file.stencil; path = Settings.stencil; sourceTree = "<group>"; };
		E9E970A06C0834C19E99DE33 /* Tower_iOSTests.xctest */ = {isa = PBXFileReference; explicitFileType = wrapper.cfbundle; includeInIndex = 0; path = Tower_iOSTests.xctest; sourceTree = BUILT_PRODUCTS_DIR; };
		E9E970A6EA11E43D2888ECD5 /* JSONEncoder+shared.swift */ = {isa = PBXFileReference; fileEncoding = 4; lastKnownFileType = sourcecode.swift; path = "JSONEncoder+shared.swift"; sourceTree = "<group>"; };
		E9E9716E829BE958A2504321 /* Tower_iOSUITests.swift */ = {isa = PBXFileReference; lastKnownFileType = sourcecode.swift; path = Tower_iOSUITests.swift; sourceTree = "<group>"; };
		E9E971BAD21CD422E07B49CA /* CLLocationCoordinate2D+Codable.swift */ = {isa = PBXFileReference; fileEncoding = 4; lastKnownFileType = sourcecode.swift; path = "CLLocationCoordinate2D+Codable.swift"; sourceTree = "<group>"; };
		E9E971CC4CD62D229DA2C740 /* MissingFeatureView.swift */ = {isa = PBXFileReference; fileEncoding = 4; lastKnownFileType = sourcecode.swift; path = MissingFeatureView.swift; sourceTree = "<group>"; };
		E9E97260BBD5D0A05DD50473 /* Tower_iOSTests.swift */ = {isa = PBXFileReference; lastKnownFileType = sourcecode.swift; path = Tower_iOSTests.swift; sourceTree = "<group>"; };
		E9E9737CE0BA23F6FA9AE619 /* Bool+then.swift */ = {isa = PBXFileReference; fileEncoding = 4; lastKnownFileType = sourcecode.swift; path = "Bool+then.swift"; sourceTree = "<group>"; };
		E9E9737E107A7605C81485F7 /* LocationEventData.swift */ = {isa = PBXFileReference; fileEncoding = 4; lastKnownFileType = sourcecode.swift; path = LocationEventData.swift; sourceTree = "<group>"; };
		E9E9739414376D953A5C2437 /* Font+tower.swift */ = {isa = PBXFileReference; fileEncoding = 4; lastKnownFileType = sourcecode.swift; path = "Font+tower.swift"; sourceTree = "<group>"; };
		E9E9739962E5C94DE982482A /* swiftgenInputFiles.xcfilelist */ = {isa = PBXFileReference; fileEncoding = 4; lastKnownFileType = text.xcfilelist; path = swiftgenInputFiles.xcfilelist; sourceTree = "<group>"; };
		E9E973C816FD9EF73B5606F6 /* JSONDecoder+shared.swift */ = {isa = PBXFileReference; fileEncoding = 4; lastKnownFileType = sourcecode.swift; path = "JSONDecoder+shared.swift"; sourceTree = "<group>"; };
		E9E973E2575686E9297841D8 /* Tower_iOSUITestsLaunchTests.swift */ = {isa = PBXFileReference; lastKnownFileType = sourcecode.swift; path = Tower_iOSUITestsLaunchTests.swift; sourceTree = "<group>"; };
		E9E973F83FB2243F93C24577 /* Assets+Generated.swift */ = {isa = PBXFileReference; fileEncoding = 4; lastKnownFileType = sourcecode.swift; path = "Assets+Generated.swift"; sourceTree = "<group>"; };
		E9E9742C24106EEB45A99FFB /* swiftgen.yml */ = {isa = PBXFileReference; fileEncoding = 4; lastKnownFileType = text.yaml; path = swiftgen.yml; sourceTree = "<group>"; };
		E9E97449F17B1C6ABD985920 /* Strings.stencil */ = {isa = PBXFileReference; lastKnownFileType = file.stencil; path = Strings.stencil; sourceTree = "<group>"; };
		E9E976112608FD8C951A230A /* Assets.xcassets */ = {isa = PBXFileReference; lastKnownFileType = folder.assetcatalog; path = Assets.xcassets; sourceTree = "<group>"; };
		E9E976940E08971EC4DE8312 /* Optional+throwingUnwrapOperator.swift */ = {isa = PBXFileReference; fileEncoding = 4; lastKnownFileType = sourcecode.swift; path = "Optional+throwingUnwrapOperator.swift"; sourceTree = "<group>"; };
		E9E976D0CDD10DBCEC1EE97F /* ContentView.swift */ = {isa = PBXFileReference; fileEncoding = 4; lastKnownFileType = sourcecode.swift; path = ContentView.swift; sourceTree = "<group>"; };
		E9E97717C5D0FDCA28C0662B /* View+ifNotNil.swift */ = {isa = PBXFileReference; fileEncoding = 4; lastKnownFileType = sourcecode.swift; path = "View+ifNotNil.swift"; sourceTree = "<group>"; };
		E9E977A62B8656EAEC142C8F /* Settings+Generated.swift */ = {isa = PBXFileReference; fileEncoding = 4; lastKnownFileType = sourcecode.swift; path = "Settings+Generated.swift"; sourceTree = "<group>"; };
		E9E977DE6191E6A0257F3DC1 /* README.md */ = {isa = PBXFileReference; fileEncoding = 4; lastKnownFileType = net.daringfireball.markdown; path = README.md; sourceTree = "<group>"; };
		E9E9780CA784F10F6DA82E56 /* Location.swift */ = {isa = PBXFileReference; fileEncoding = 4; lastKnownFileType = sourcecode.swift; path = Location.swift; sourceTree = "<group>"; };
		E9E9787B1722DC8C49605991 /* CallController.swift */ = {isa = PBXFileReference; fileEncoding = 4; lastKnownFileType = sourcecode.swift; path = CallController.swift; sourceTree = "<group>"; };
		E9E978CCD179D7A92701559C /* Assets.stencil */ = {isa = PBXFileReference; lastKnownFileType = file.stencil; path = Assets.stencil; sourceTree = "<group>"; };
		E9E979C2B3EBCB06EBACBDA4 /* DolceVitaHeavyBold.ttf */ = {isa = PBXFileReference; lastKnownFileType = file.ttf; path = DolceVitaHeavyBold.ttf; sourceTree = "<group>"; };
		E9E979C360B6E8A4C2F1D458 /* Wrapper.swift */ = {isa = PBXFileReference; fileEncoding = 4; lastKnownFileType = sourcecode.swift; path = Wrapper.swift; sourceTree = "<group>"; };
		E9E979DC20654943442D3251 /* LocationController.swift */ = {isa = PBXFileReference; fileEncoding = 4; lastKnownFileType = sourcecode.swift; path = LocationController.swift; sourceTree = "<group>"; };
		E9E97A368C0877C4B4E7B387 /* .gitignore */ = {isa = PBXFileReference; lastKnownFileType = file.gitignore; path = .gitignore; sourceTree = "<group>"; };
		E9E97B1C26E03B3C913AE967 /* Tower_iOSApp.swift */ = {isa = PBXFileReference; lastKnownFileType = sourcecode.swift; path = Tower_iOSApp.swift; sourceTree = "<group>"; };
		E9E97B2EB631D23B7381BB19 /* Tower_iOS.app */ = {isa = PBXFileReference; explicitFileType = wrapper.application; includeInIndex = 0; path = Tower_iOS.app; sourceTree = BUILT_PRODUCTS_DIR; };
		E9E97B8B66372C78A442F83F /* swiftgen.sh */ = {isa = PBXFileReference; fileEncoding = 4; lastKnownFileType = text.script.sh; path = swiftgen.sh; sourceTree = "<group>"; };
		E9E97C431C208C3170E8D87C /* DataMessageTopic.swift */ = {isa = PBXFileReference; fileEncoding = 4; lastKnownFileType = sourcecode.swift; path = DataMessageTopic.swift; sourceTree = "<group>"; };
		E9E97CC102CAF905C77A7414 /* LeadingIconLabelStyle.swift */ = {isa = PBXFileReference; fileEncoding = 4; lastKnownFileType = sourcecode.swift; path = LeadingIconLabelStyle.swift; sourceTree = "<group>"; };
		E9E97D46831D8B34FB1AE1F1 /* TowerError.swift */ = {isa = PBXFileReference; fileEncoding = 4; lastKnownFileType = sourcecode.swift; path = TowerError.swift; sourceTree = "<group>"; };
		E9E97D6548DE190EC3DAD6CD /* TrailingIconLabelStyle.swift */ = {isa = PBXFileReference; fileEncoding = 4; lastKnownFileType = sourcecode.swift; path = TrailingIconLabelStyle.swift; sourceTree = "<group>"; };
		E9E97D7516F46B4EEA971AE7 /* View+if.swift */ = {isa = PBXFileReference; fileEncoding = 4; lastKnownFileType = sourcecode.swift; path = "View+if.swift"; sourceTree = "<group>"; };
		E9E97D9BDC1AF314FB168996 /* ErrorView.swift */ = {isa = PBXFileReference; fileEncoding = 4; lastKnownFileType = sourcecode.swift; path = ErrorView.swift; sourceTree = "<group>"; };
		E9E97E38F4729EC488328071 /* Tower_iOSUITests.xctest */ = {isa = PBXFileReference; explicitFileType = wrapper.cfbundle; includeInIndex = 0; path = Tower_iOSUITests.xctest; sourceTree = BUILT_PRODUCTS_DIR; };
		E9E97E5A9111D126202C0CB4 /* Bool+else.swift */ = {isa = PBXFileReference; fileEncoding = 4; lastKnownFileType = sourcecode.swift; path = "Bool+else.swift"; sourceTree = "<group>"; };
		E9E97EB3DFB54D930AF9F92A /* NoContentView.swift */ = {isa = PBXFileReference; fileEncoding = 4; lastKnownFileType = sourcecode.swift; path = NoContentView.swift; sourceTree = "<group>"; };
		E9E97EBFD1B3060D27E32B34 /* TowerApi.swift */ = {isa = PBXFileReference; fileEncoding = 4; lastKnownFileType = sourcecode.swift; path = TowerApi.swift; sourceTree = "<group>"; };
		E9E97EC736E76FA9F24A1789 /* CLLocation+init.swift */ = {isa = PBXFileReference; fileEncoding = 4; lastKnownFileType = sourcecode.swift; path = "CLLocation+init.swift"; sourceTree = "<group>"; };
		E9E97ED05425606EE0CF25B0 /* swiftgenOutputFiles.xcfilelist */ = {isa = PBXFileReference; fileEncoding = 4; lastKnownFileType = text.xcfilelist; path = swiftgenOutputFiles.xcfilelist; sourceTree = "<group>"; };
		E9E97EFA3591C2A194430BD3 /* CallSheet.swift */ = {isa = PBXFileReference; fileEncoding = 4; lastKnownFileType = sourcecode.swift; path = CallSheet.swift; sourceTree = "<group>"; };
		E9E97EFFD492CB4CD07DBB2A /* ErrorWrapper.swift */ = {isa = PBXFileReference; fileEncoding = 4; lastKnownFileType = sourcecode.swift; path = ErrorWrapper.swift; sourceTree = "<group>"; };
		E9E97F1B5AB45A46393533FC /* PreviewProvider+env.swift */ = {isa = PBXFileReference; fileEncoding = 4; lastKnownFileType = sourcecode.swift; path = "PreviewProvider+env.swift"; sourceTree = "<group>"; };
		E9E97F3912449DD2605F6202 /* Preview Assets.xcassets */ = {isa = PBXFileReference; lastKnownFileType = folder.assetcatalog; path = "Preview Assets.xcassets"; sourceTree = "<group>"; };
		E9E97F491C70B029FFA1AFE7 /* View+hidden.swift */ = {isa = PBXFileReference; fileEncoding = 4; lastKnownFileType = sourcecode.swift; path = "View+hidden.swift"; sourceTree = "<group>"; };
		E9E97F677B23E66B4EA4066E /* OnboardingSheet.swift */ = {isa = PBXFileReference; fileEncoding = 4; lastKnownFileType = sourcecode.swift; path = OnboardingSheet.swift; sourceTree = "<group>"; };
/* End PBXFileReference section */

/* Begin PBXFrameworksBuildPhase section */
		E9E97623ADDA47A0BBBDBCDA /* Frameworks */ = {
			isa = PBXFrameworksBuildPhase;
			buildActionMask = 2147483647;
			files = (
				79BBFF54BDAF562C38A27D7D /* Pods_Tower_iOS_Tower_iOSUITests.framework in Frameworks */,
			);
			runOnlyForDeploymentPostprocessing = 0;
		};
		E9E976D70D4E12441A9D7C73 /* Frameworks */ = {
			isa = PBXFrameworksBuildPhase;
			buildActionMask = 2147483647;
			files = (
				E1ECE0392C00E0490041180E /* AmazonChimeSDKMachineLearning in Frameworks */,
				E1ECE03B2C00E0490041180E /* AmazonChimeSDKMedia in Frameworks */,
				E1ECE0372C00E0490041180E /* AmazonChimeSDK in Frameworks */,
				7A633F105F3FC525B55AAB9A /* Pods_Tower_iOS.framework in Frameworks */,
			);
			runOnlyForDeploymentPostprocessing = 0;
		};
		E9E9789072FFFC7EAB594840 /* Frameworks */ = {
			isa = PBXFrameworksBuildPhase;
			buildActionMask = 2147483647;
			files = (
				F5248DC9A685BCCA9B722229 /* Pods_Tower_iOSTests.framework in Frameworks */,
			);
			runOnlyForDeploymentPostprocessing = 0;
		};
/* End PBXFrameworksBuildPhase section */

/* Begin PBXGroup section */
		CB8C39A7ABAE64A61DFBB9CB /* Pods */ = {
			isa = PBXGroup;
			children = (
				7032F01BE637D423A1144679 /* Pods-Tower_iOS.debug.xcconfig */,
				4B2E95B1078D44113E343532 /* Pods-Tower_iOS.release.xcconfig */,
				75B30FDC1EE6B526BC5105B6 /* Pods-Tower_iOS-Tower_iOSUITests.debug.xcconfig */,
				12951A18D2A6A277AC687368 /* Pods-Tower_iOS-Tower_iOSUITests.release.xcconfig */,
				7346C2F2FD761E0BC62D7F3C /* Pods-Tower_iOSTests.debug.xcconfig */,
				CEFF2F75F52C4766E1426D1E /* Pods-Tower_iOSTests.release.xcconfig */,
			);
			path = Pods;
			sourceTree = "<group>";
		};
		E11F4EA929EF99A300D39816 /* Frameworks */ = {
			isa = PBXGroup;
			children = (
				6B24231535EBB3B60DD5E832 /* Pods_Tower_iOS.framework */,
				CB9396403C98BBA9AB472014 /* Pods_Tower_iOS_Tower_iOSUITests.framework */,
				B20B5F403853749BA57CCF88 /* Pods_Tower_iOSTests.framework */,
			);
			name = Frameworks;
			sourceTree = "<group>";
		};
		E1AFBBF82A333D77004E8A3C /* project_fonts */ = {
			isa = PBXGroup;
			children = (
				E9E979C2B3EBCB06EBACBDA4 /* DolceVitaHeavyBold.ttf */,
			);
			path = project_fonts;
			sourceTree = "<group>";
		};
		E9E973C71B69A29E23AB9B0D /* Controllers */ = {
			isa = PBXGroup;
			children = (
				E1638CB72C48FC5A003A8A1B /* CameraController.swift */,
				E9E9700F363770A1847466DE /* TowerEnvironment.swift */,
				E9E97F1B5AB45A46393533FC /* PreviewProvider+env.swift */,
				E9E97EBFD1B3060D27E32B34 /* TowerApi.swift */,
				E9E9787B1722DC8C49605991 /* CallController.swift */,
				E9E979DC20654943442D3251 /* LocationController.swift */,
			);
			path = Controllers;
			sourceTree = "<group>";
		};
		E9E9742C92C0C45776CAB10B /* Tower_iOSTests */ = {
			isa = PBXGroup;
			children = (
				E9E97260BBD5D0A05DD50473 /* Tower_iOSTests.swift */,
			);
			path = Tower_iOSTests;
			sourceTree = "<group>";
		};
		E9E97433B81F994F7E441AE3 /* Views */ = {
			isa = PBXGroup;
			children = (
				E9338EF12C7DF7CB008AFF72 /* LoginSheet.swift */,
				E9E976D0CDD10DBCEC1EE97F /* ContentView.swift */,
				E9E97EB3DFB54D930AF9F92A /* NoContentView.swift */,
				E9E979C360B6E8A4C2F1D458 /* Wrapper.swift */,
				E9E97D9BDC1AF314FB168996 /* ErrorView.swift */,
				E9E971CC4CD62D229DA2C740 /* MissingFeatureView.swift */,
				E9E97EFA3591C2A194430BD3 /* CallSheet.swift */,
				E9E97F677B23E66B4EA4066E /* OnboardingSheet.swift */,
				E9E97D6548DE190EC3DAD6CD /* TrailingIconLabelStyle.swift */,
				E9E97CC102CAF905C77A7414 /* LeadingIconLabelStyle.swift */,
				E9E9739414376D953A5C2437 /* Font+tower.swift */,
				E9E97D7516F46B4EEA971AE7 /* View+if.swift */,
				E9E97717C5D0FDCA28C0662B /* View+ifNotNil.swift */,
				E9E97F491C70B029FFA1AFE7 /* View+hidden.swift */,
			);
			path = Views;
			sourceTree = "<group>";
		};
		E9E97513447D982B3231EFCD /* Templates */ = {
			isa = PBXGroup;
			children = (
				E9E978CCD179D7A92701559C /* Assets.stencil */,
				E9E97082EE84DC39CD0A5259 /* Settings.stencil */,
				E9E97449F17B1C6ABD985920 /* Strings.stencil */,
			);
			path = Templates;
			sourceTree = "<group>";
		};
		E9E975997A8FE85D76C63200 /* Models */ = {
			isa = PBXGroup;
			children = (
				E1E32B302D08A42B00617B34 /* User.swift */,
				E1DF7A912CEA645C000498C0 /* CallQualityData.swift */,
				E15F9B302CD64B01005FBB8C /* CallQualityLevel.swift */,
				E9E97EFFD492CB4CD07DBB2A /* ErrorWrapper.swift */,
				E9E973F83FB2243F93C24577 /* Assets+Generated.swift */,
				E9E977A62B8656EAEC142C8F /* Settings+Generated.swift */,
				E9E97D46831D8B34FB1AE1F1 /* TowerError.swift */,
				E9E9705FDC69B0006A0F2A88 /* JoinResponse.swift */,
				E9E97C431C208C3170E8D87C /* DataMessageTopic.swift */,
				E9E9737E107A7605C81485F7 /* LocationEventData.swift */,
				E9E9780CA784F10F6DA82E56 /* Location.swift */,
				E1CB1BD62C5B87860078AF3A /* CameraError.swift */,
				E1CB1BD82C5B93680078AF3A /* CapturePhotoResponseData.swift */,
				E1CB1BDA2C5FEDF40078AF3A /* PhotoData.swift */,
				E1CB1BDC2C5FEEEA0078AF3A /* ImageSize.swift */,
				E1CF03352C605A2200A5F303 /* ConcurrentMutableSet.swift */,
			);
			path = Models;
			sourceTree = "<group>";
		};
		E9E975ED4B2377D212EEC753 /* Tower_iOS */ = {
			isa = PBXGroup;
			children = (
				E1AFBBF82A333D77004E8A3C /* project_fonts */,
				E195FEA42A1E03FD00A506EA /* Tower-iOS-Info.plist */,
				E105F97F2C4082380041B38F /* PrivacyInfo.xcprivacy */,
				E9E976112608FD8C951A230A /* Assets.xcassets */,
				E9E97626E2D685C8268AAD5C /* Preview Content */,
				E9E97B1C26E03B3C913AE967 /* Tower_iOSApp.swift */,
				E9E97433B81F994F7E441AE3 /* Views */,
				E9E975997A8FE85D76C63200 /* Models */,
				E9E973C71B69A29E23AB9B0D /* Controllers */,
				E9E977DCDBBAEFA016EA4DD1 /* Extensions */,
				E9E97513447D982B3231EFCD /* Templates */,
				E9E9739962E5C94DE982482A /* swiftgenInputFiles.xcfilelist */,
				E9E97ED05425606EE0CF25B0 /* swiftgenOutputFiles.xcfilelist */,
				E9E9742C24106EEB45A99FFB /* swiftgen.yml */,
				E9E97B8B66372C78A442F83F /* swiftgen.sh */,
				E1D03DA929DDE2510061E831 /* Settings.bundle */,
				E9E978DE77FD2723E26B3CDE /* Resources */,
			);
			path = Tower_iOS;
			sourceTree = "<group>";
		};
		E9E9760709A79B2745E1F42B = {
			isa = PBXGroup;
			children = (
				E15E8B962C6D497E00BC8B90 /* ACKNOWLEDGEMENTS.txt */,
				E9E97619175184055759984A /* Products */,
				E9E975ED4B2377D212EEC753 /* Tower_iOS */,
				E9E9742C92C0C45776CAB10B /* Tower_iOSTests */,
				E9E97E86ECD27CC8CE71A6CF /* Tower_iOSUITests */,
				E9E97A368C0877C4B4E7B387 /* .gitignore */,
				E11F4EA929EF99A300D39816 /* Frameworks */,
				E9E977DE6191E6A0257F3DC1 /* README.md */,
				E9E9701FB102ED2BA117951D /* LICENSE */,
				CB8C39A7ABAE64A61DFBB9CB /* Pods */,
			);
			sourceTree = "<group>";
		};
		E9E97619175184055759984A /* Products */ = {
			isa = PBXGroup;
			children = (
				E9E97B2EB631D23B7381BB19 /* Tower_iOS.app */,
				E9E970A06C0834C19E99DE33 /* Tower_iOSTests.xctest */,
				E9E97E38F4729EC488328071 /* Tower_iOSUITests.xctest */,
			);
			name = Products;
			sourceTree = "<group>";
		};
		E9E97626E2D685C8268AAD5C /* Preview Content */ = {
			isa = PBXGroup;
			children = (
				E9E97F3912449DD2605F6202 /* Preview Assets.xcassets */,
			);
			path = "Preview Content";
			sourceTree = "<group>";
		};
		E9E977DCDBBAEFA016EA4DD1 /* Extensions */ = {
			isa = PBXGroup;
			children = (
				E15F9B322CD65313005FBB8C /* Settings+callQualityLevel.swift */,
				E9E973C816FD9EF73B5606F6 /* JSONDecoder+shared.swift */,
				E9E976940E08971EC4DE8312 /* Optional+throwingUnwrapOperator.swift */,
				E9E971BAD21CD422E07B49CA /* CLLocationCoordinate2D+Codable.swift */,
				E9E9737CE0BA23F6FA9AE619 /* Bool+then.swift */,
				E9E97E5A9111D126202C0CB4 /* Bool+else.swift */,
				E9E97EC736E76FA9F24A1789 /* CLLocation+init.swift */,
				E9E970A6EA11E43D2888ECD5 /* JSONEncoder+shared.swift */,
				E1CB1BD02C5A9A170078AF3A /* CIImage+image.swift */,
				E1CB1BD22C5A9B5C0078AF3A /* Image_Orientation+init.swift */,
				E1CF03312C603F1000A5F303 /* Sequence+compacted.swift */,
				E154D2672C9844CA004751CF /* AVPlayer+callEndTone.swift */,
				E154D2692C9845C2004751CF /* AVPlayer+callErrorTone.swift */,
				E154D26B2C984942004751CF /* AVPlayer+callRingbackTone.swift */,
				E154D26D2C984A22004751CF /* AVPlayer+callStartTone.swift */,
			);
			path = Extensions;
			sourceTree = "<group>";
		};
		E9E978DE77FD2723E26B3CDE /* Resources */ = {
			isa = PBXGroup;
			children = (
				E154D2602C9844B1004751CF /* call-end-tone.mp3 */,
				E154D2612C9844B1004751CF /* call-error-tone.mp3 */,
				E154D2622C9844B1004751CF /* call-ringback-tone.mp3 */,
				E154D25F2C9844B1004751CF /* call-start-tone.mp3 */,
				E181F16C2BF11AE00081A83D /* .gitkeep */,
			);
			path = Resources;
			sourceTree = "<group>";
		};
		E9E97E86ECD27CC8CE71A6CF /* Tower_iOSUITests */ = {
			isa = PBXGroup;
			children = (
				E9E9716E829BE958A2504321 /* Tower_iOSUITests.swift */,
				E9E973E2575686E9297841D8 /* Tower_iOSUITestsLaunchTests.swift */,
			);
			path = Tower_iOSUITests;
			sourceTree = "<group>";
		};
/* End PBXGroup section */

/* Begin PBXNativeTarget section */
		E9E978608E44AE9D8B99A1CE /* Tower_iOSTests */ = {
			isa = PBXNativeTarget;
			buildConfigurationList = E9E97CF6A7D13419B527A1EF /* Build configuration list for PBXNativeTarget "Tower_iOSTests" */;
			buildPhases = (
				7EB70056646D9CC26434D5F6 /* [CP] Check Pods Manifest.lock */,
				E9E976BC9D45EA204892DEAB /* Sources */,
				E9E9789072FFFC7EAB594840 /* Frameworks */,
				E9E971D6F18EB3A76A7B1D1D /* Resources */,
			);
			buildRules = (
			);
			dependencies = (
				E9E97AFC7FEB5200597A42A8 /* PBXTargetDependency */,
			);
			name = Tower_iOSTests;
			productName = Tower_iOSTests;
			productReference = E9E970A06C0834C19E99DE33 /* Tower_iOSTests.xctest */;
			productType = "com.apple.product-type.bundle.unit-test";
		};
		E9E9788D0F6AB5A2D5ECD54C /* Tower_iOS */ = {
			isa = PBXNativeTarget;
			buildConfigurationList = E9E97BAEACB49C788B2532C5 /* Build configuration list for PBXNativeTarget "Tower_iOS" */;
			buildPhases = (
				D0F331BC387343AD4E083434 /* [CP] Check Pods Manifest.lock */,
				E1D26A9F29DDDDB300975CCB /* Run SwiftGen */,
				E9E97C1D27F3EBB849570C3A /* Sources */,
				E9E976D70D4E12441A9D7C73 /* Frameworks */,
				E9E97C9106368EEADD769267 /* Resources */,
				E11F4EB329EFA50C00D39816 /* Embed Frameworks */,
				26F183BD6CF6D92EDB2F04B2 /* [CP] Embed Pods Frameworks */,
			);
			buildRules = (
			);
			dependencies = (
			);
			name = Tower_iOS;
			packageProductDependencies = (
				E1ECE0362C00E0490041180E /* AmazonChimeSDK */,
				E1ECE0382C00E0490041180E /* AmazonChimeSDKMachineLearning */,
				E1ECE03A2C00E0490041180E /* AmazonChimeSDKMedia */,
			);
			productName = Tower_iOS;
			productReference = E9E97B2EB631D23B7381BB19 /* Tower_iOS.app */;
			productType = "com.apple.product-type.application";
		};
		E9E97CC6FF0AF1241CB4CB96 /* Tower_iOSUITests */ = {
			isa = PBXNativeTarget;
			buildConfigurationList = E9E9787530163BCF908D981F /* Build configuration list for PBXNativeTarget "Tower_iOSUITests" */;
			buildPhases = (
				7627B4DF03BE26064AC7E7A7 /* [CP] Check Pods Manifest.lock */,
				E9E975E238203FC3FB3DA05E /* Sources */,
				E9E97623ADDA47A0BBBDBCDA /* Frameworks */,
				E9E970009CFD8AAC851B5E4E /* Resources */,
				AEC0B3B30DF2CAE768CC2FBD /* [CP] Embed Pods Frameworks */,
			);
			buildRules = (
			);
			dependencies = (
				E9E978E839CCF5C500454122 /* PBXTargetDependency */,
			);
			name = Tower_iOSUITests;
			productName = Tower_iOSUITests;
			productReference = E9E97E38F4729EC488328071 /* Tower_iOSUITests.xctest */;
			productType = "com.apple.product-type.bundle.ui-testing";
		};
/* End PBXNativeTarget section */

/* Begin PBXProject section */
		E9E970CF23B28B42EF6060D8 /* Project object */ = {
			isa = PBXProject;
			attributes = {
				BuildIndependentTargetsInParallel = YES;
				LastUpgradeCheck = 1540;
				TargetAttributes = {
					E9E9788D0F6AB5A2D5ECD54C = {
						DevelopmentTeam = PKW2VF887G;
					};
					E9E97CC6FF0AF1241CB4CB96 = {
						DevelopmentTeam = PKW2VF887G;
					};
				};
			};
			buildConfigurationList = E9E970F6DA87A4BAAFC4B611 /* Build configuration list for PBXProject "Tower_iOS" */;
			compatibilityVersion = "Xcode 3.2";
			developmentRegion = de;
			hasScannedForEncodings = 0;
			knownRegions = (
				de,
			);
			mainGroup = E9E9760709A79B2745E1F42B;
			packageReferences = (
				E1ECE0352C00E0490041180E /* XCRemoteSwiftPackageReference "amazon-chime-sdk-ios-spm" */,
			);
			productRefGroup = E9E97619175184055759984A /* Products */;
			projectDirPath = "";
			projectRoot = "";
			targets = (
				E9E9788D0F6AB5A2D5ECD54C /* Tower_iOS */,
				E9E978608E44AE9D8B99A1CE /* Tower_iOSTests */,
				E9E97CC6FF0AF1241CB4CB96 /* Tower_iOSUITests */,
			);
		};
/* End PBXProject section */

/* Begin PBXResourcesBuildPhase section */
		E9E970009CFD8AAC851B5E4E /* Resources */ = {
			isa = PBXResourcesBuildPhase;
			buildActionMask = 2147483647;
			files = (
			);
			runOnlyForDeploymentPostprocessing = 0;
		};
		E9E971D6F18EB3A76A7B1D1D /* Resources */ = {
			isa = PBXResourcesBuildPhase;
			buildActionMask = 2147483647;
			files = (
			);
			runOnlyForDeploymentPostprocessing = 0;
		};
		E9E97C9106368EEADD769267 /* Resources */ = {
			isa = PBXResourcesBuildPhase;
			buildActionMask = 2147483647;
			files = (
				E154D2652C9844B1004751CF /* call-error-tone.mp3 in Resources */,
				E154D2662C9844B1004751CF /* call-ringback-tone.mp3 in Resources */,
				E9E979589AE0CB1D1ECD8E98 /* Assets.xcassets in Resources */,
				E9E97F39E2ED8B908232E0A3 /* Preview Assets.xcassets in Resources */,
				E1D03DAA29DDE2510061E831 /* Settings.bundle in Resources */,
				E9E97DC5146A1DC309049ABA /* Assets.stencil in Resources */,
				E9E976F42D1E4BAA7BAAF7BE /* Settings.stencil in Resources */,
				E9E9703F5A4E3253CBF969A2 /* Strings.stencil in Resources */,
				E105F9802C4082380041B38F /* PrivacyInfo.xcprivacy in Resources */,
				E154D2632C9844B1004751CF /* call-start-tone.mp3 in Resources */,
				E154D2642C9844B1004751CF /* call-end-tone.mp3 in Resources */,
				E9E9773EFE2B1DCFC3F67310 /* swiftgenInputFiles.xcfilelist in Resources */,
				E9E977C6623BEF99AF35CC84 /* swiftgenOutputFiles.xcfilelist in Resources */,
				E9E97B8E8042313538C7361C /* swiftgen.yml in Resources */,
				E9E976D5D9A332B0540EA16C /* swiftgen.sh in Resources */,
				E9E974C61651AD8E3238FA72 /* DolceVitaHeavyBold.ttf in Resources */,
			);
			runOnlyForDeploymentPostprocessing = 0;
		};
/* End PBXResourcesBuildPhase section */

/* Begin PBXShellScriptBuildPhase section */
		26F183BD6CF6D92EDB2F04B2 /* [CP] Embed Pods Frameworks */ = {
			isa = PBXShellScriptBuildPhase;
			buildActionMask = 2147483647;
			files = (
			);
			inputPaths = (
				"${PODS_ROOT}/Target Support Files/Pods-Tower_iOS/Pods-Tower_iOS-frameworks.sh",
				"${BUILT_PRODUCTS_DIR}/AzureCommunicationCommon/AzureCommunicationCommon.framework",
				"${BUILT_PRODUCTS_DIR}/AzureCore/AzureCore.framework",
				"${PODS_XCFRAMEWORKS_BUILD_DIR}/AzureCommunicationCalling/AzureCommunicationCalling.framework/AzureCommunicationCalling",
			);
			name = "[CP] Embed Pods Frameworks";
			outputPaths = (
				"${TARGET_BUILD_DIR}/${FRAMEWORKS_FOLDER_PATH}/AzureCommunicationCommon.framework",
				"${TARGET_BUILD_DIR}/${FRAMEWORKS_FOLDER_PATH}/AzureCore.framework",
				"${TARGET_BUILD_DIR}/${FRAMEWORKS_FOLDER_PATH}/AzureCommunicationCalling.framework",
			);
			runOnlyForDeploymentPostprocessing = 0;
			shellPath = /bin/sh;
			shellScript = "\"${PODS_ROOT}/Target Support Files/Pods-Tower_iOS/Pods-Tower_iOS-frameworks.sh\"\n";
			showEnvVarsInLog = 0;
		};
		7627B4DF03BE26064AC7E7A7 /* [CP] Check Pods Manifest.lock */ = {
			isa = PBXShellScriptBuildPhase;
			buildActionMask = 2147483647;
			files = (
			);
			inputFileListPaths = (
			);
			inputPaths = (
				"${PODS_PODFILE_DIR_PATH}/Podfile.lock",
				"${PODS_ROOT}/Manifest.lock",
			);
			name = "[CP] Check Pods Manifest.lock";
			outputFileListPaths = (
			);
			outputPaths = (
				"$(DERIVED_FILE_DIR)/Pods-Tower_iOS-Tower_iOSUITests-checkManifestLockResult.txt",
			);
			runOnlyForDeploymentPostprocessing = 0;
			shellPath = /bin/sh;
			shellScript = "diff \"${PODS_PODFILE_DIR_PATH}/Podfile.lock\" \"${PODS_ROOT}/Manifest.lock\" > /dev/null\nif [ $? != 0 ] ; then\n    # print error to STDERR\n    echo \"error: The sandbox is not in sync with the Podfile.lock. Run 'pod install' or update your CocoaPods installation.\" >&2\n    exit 1\nfi\n# This output is used by Xcode 'outputs' to avoid re-running this script phase.\necho \"SUCCESS\" > \"${SCRIPT_OUTPUT_FILE_0}\"\n";
			showEnvVarsInLog = 0;
		};
		7EB70056646D9CC26434D5F6 /* [CP] Check Pods Manifest.lock */ = {
			isa = PBXShellScriptBuildPhase;
			buildActionMask = 2147483647;
			files = (
			);
			inputFileListPaths = (
			);
			inputPaths = (
				"${PODS_PODFILE_DIR_PATH}/Podfile.lock",
				"${PODS_ROOT}/Manifest.lock",
			);
			name = "[CP] Check Pods Manifest.lock";
			outputFileListPaths = (
			);
			outputPaths = (
				"$(DERIVED_FILE_DIR)/Pods-Tower_iOSTests-checkManifestLockResult.txt",
			);
			runOnlyForDeploymentPostprocessing = 0;
			shellPath = /bin/sh;
			shellScript = "diff \"${PODS_PODFILE_DIR_PATH}/Podfile.lock\" \"${PODS_ROOT}/Manifest.lock\" > /dev/null\nif [ $? != 0 ] ; then\n    # print error to STDERR\n    echo \"error: The sandbox is not in sync with the Podfile.lock. Run 'pod install' or update your CocoaPods installation.\" >&2\n    exit 1\nfi\n# This output is used by Xcode 'outputs' to avoid re-running this script phase.\necho \"SUCCESS\" > \"${SCRIPT_OUTPUT_FILE_0}\"\n";
			showEnvVarsInLog = 0;
		};
		AEC0B3B30DF2CAE768CC2FBD /* [CP] Embed Pods Frameworks */ = {
			isa = PBXShellScriptBuildPhase;
			buildActionMask = 2147483647;
			files = (
			);
			inputPaths = (
				"${PODS_ROOT}/Target Support Files/Pods-Tower_iOS-Tower_iOSUITests/Pods-Tower_iOS-Tower_iOSUITests-frameworks.sh",
				"${BUILT_PRODUCTS_DIR}/AzureCommunicationCommon/AzureCommunicationCommon.framework",
				"${BUILT_PRODUCTS_DIR}/AzureCore/AzureCore.framework",
				"${PODS_XCFRAMEWORKS_BUILD_DIR}/AzureCommunicationCalling/AzureCommunicationCalling.framework/AzureCommunicationCalling",
			);
			name = "[CP] Embed Pods Frameworks";
			outputPaths = (
				"${TARGET_BUILD_DIR}/${FRAMEWORKS_FOLDER_PATH}/AzureCommunicationCommon.framework",
				"${TARGET_BUILD_DIR}/${FRAMEWORKS_FOLDER_PATH}/AzureCore.framework",
				"${TARGET_BUILD_DIR}/${FRAMEWORKS_FOLDER_PATH}/AzureCommunicationCalling.framework",
			);
			runOnlyForDeploymentPostprocessing = 0;
			shellPath = /bin/sh;
			shellScript = "\"${PODS_ROOT}/Target Support Files/Pods-Tower_iOS-Tower_iOSUITests/Pods-Tower_iOS-Tower_iOSUITests-frameworks.sh\"\n";
			showEnvVarsInLog = 0;
		};
		D0F331BC387343AD4E083434 /* [CP] Check Pods Manifest.lock */ = {
			isa = PBXShellScriptBuildPhase;
			buildActionMask = 2147483647;
			files = (
			);
			inputFileListPaths = (
			);
			inputPaths = (
				"${PODS_PODFILE_DIR_PATH}/Podfile.lock",
				"${PODS_ROOT}/Manifest.lock",
			);
			name = "[CP] Check Pods Manifest.lock";
			outputFileListPaths = (
			);
			outputPaths = (
				"$(DERIVED_FILE_DIR)/Pods-Tower_iOS-checkManifestLockResult.txt",
			);
			runOnlyForDeploymentPostprocessing = 0;
			shellPath = /bin/sh;
			shellScript = "diff \"${PODS_PODFILE_DIR_PATH}/Podfile.lock\" \"${PODS_ROOT}/Manifest.lock\" > /dev/null\nif [ $? != 0 ] ; then\n    # print error to STDERR\n    echo \"error: The sandbox is not in sync with the Podfile.lock. Run 'pod install' or update your CocoaPods installation.\" >&2\n    exit 1\nfi\n# This output is used by Xcode 'outputs' to avoid re-running this script phase.\necho \"SUCCESS\" > \"${SCRIPT_OUTPUT_FILE_0}\"\n";
			showEnvVarsInLog = 0;
		};
		E1D26A9F29DDDDB300975CCB /* Run SwiftGen */ = {
			isa = PBXShellScriptBuildPhase;
			buildActionMask = 2147483647;
			files = (
			);
			inputFileListPaths = (
				"$(SRCROOT)/Tower_iOS/swiftgenInputFiles.xcfilelist",
			);
			inputPaths = (
			);
			name = "Run SwiftGen";
			outputFileListPaths = (
				"$(SRCROOT)/Tower_iOS/swiftgenOutputFiles.xcfilelist",
			);
			outputPaths = (
			);
			runOnlyForDeploymentPostprocessing = 0;
			shellPath = /bin/sh;
			shellScript = "exec \"${SRCROOT}/Tower_iOS/swiftgen.sh\"\n";
		};
/* End PBXShellScriptBuildPhase section */

/* Begin PBXSourcesBuildPhase section */
		E9E975E238203FC3FB3DA05E /* Sources */ = {
			isa = PBXSourcesBuildPhase;
			buildActionMask = 2147483647;
			files = (
				E9E97019B37499CA04712337 /* Tower_iOSUITests.swift in Sources */,
				E9E975E90CDBECC6A22C2BE3 /* Tower_iOSUITestsLaunchTests.swift in Sources */,
			);
			runOnlyForDeploymentPostprocessing = 0;
		};
		E9E976BC9D45EA204892DEAB /* Sources */ = {
			isa = PBXSourcesBuildPhase;
			buildActionMask = 2147483647;
			files = (
				E9E97E935578B91E74C5F7B9 /* Tower_iOSTests.swift in Sources */,
			);
			runOnlyForDeploymentPostprocessing = 0;
		};
		E9E97C1D27F3EBB849570C3A /* Sources */ = {
			isa = PBXSourcesBuildPhase;
			buildActionMask = 2147483647;
			files = (
				E1CB1BDD2C5FEEEA0078AF3A /* ImageSize.swift in Sources */,
				E9338EF22C7DF7CB008AFF72 /* LoginSheet.swift in Sources */,
				E9E976708DDB581904D3D353 /* Tower_iOSApp.swift in Sources */,
				E9E97AD55211643704B83C6C /* ContentView.swift in Sources */,
				E9E974D189DE37E8BD13DC81 /* ErrorWrapper.swift in Sources */,
				E9E9781549327F384DC28A51 /* NoContentView.swift in Sources */,
				E9E97475D6643D80F248B3A7 /* Wrapper.swift in Sources */,
				E15F9B332CD6531F005FBB8C /* Settings+callQualityLevel.swift in Sources */,
				E9E9775BEDEF26BE1277B6BC /* ErrorView.swift in Sources */,
				E1CB1BDB2C5FEDF40078AF3A /* PhotoData.swift in Sources */,
				E1CB1BD12C5A9A170078AF3A /* CIImage+image.swift in Sources */,
				E9E971EB19779781F28DA3D6 /* TowerEnvironment.swift in Sources */,
				E9E97F96A50CF792153BAF94 /* MissingFeatureView.swift in Sources */,
				E1CB1BD72C5B87860078AF3A /* CameraError.swift in Sources */,
				E9E972A064B4EECA6E5DE6DE /* Assets+Generated.swift in Sources */,
				E1638CB82C48FC5A003A8A1B /* CameraController.swift in Sources */,
				E9E971EA7EED860BC42B0029 /* PreviewProvider+env.swift in Sources */,
				E9E97F7C4E4BA29DED0D62A5 /* Settings+Generated.swift in Sources */,
				E9E97BCF1EC8421C7FFFD918 /* CallSheet.swift in Sources */,
				E9E9785836011CE532198B31 /* OnboardingSheet.swift in Sources */,
				E9E97D676B5FC0654D0AE376 /* TrailingIconLabelStyle.swift in Sources */,
				E9E9723D2463B5A09B3C2EEE /* LeadingIconLabelStyle.swift in Sources */,
				E1CB1BD32C5A9B5C0078AF3A /* Image_Orientation+init.swift in Sources */,
				E9E97947A6C162284CD55C77 /* TowerError.swift in Sources */,
				E9E97DAF49ACFBD2BD94CB5F /* TowerApi.swift in Sources */,
				E1CF03322C603F1000A5F303 /* Sequence+compacted.swift in Sources */,
				E9E97D4F27144BB2E5B00D70 /* JoinResponse.swift in Sources */,
				E15F9B312CD64B0D005FBB8C /* CallQualityLevel.swift in Sources */,
				E154D2682C9844CA004751CF /* AVPlayer+callEndTone.swift in Sources */,
				E9E9708D48B02103D0D3FDF3 /* JSONDecoder+shared.swift in Sources */,
				E9E972AA45FF24396D4D2597 /* CallController.swift in Sources */,
				E1E32B312D08A42B00617B34 /* User.swift in Sources */,
				E1CB1BD92C5B93680078AF3A /* CapturePhotoResponseData.swift in Sources */,
				E9E97ACA8F9ACDF0962A795A /* DataMessageTopic.swift in Sources */,
				E9E97F55954B805E6C79A4C6 /* Optional+throwingUnwrapOperator.swift in Sources */,
				E154D26A2C9845C2004751CF /* AVPlayer+callErrorTone.swift in Sources */,
				E9E970154CE4DA57BDFDBB82 /* CLLocationCoordinate2D+Codable.swift in Sources */,
				E9E97985109BA7C9049A6A0E /* LocationEventData.swift in Sources */,
				E9E970595F70053E9C579045 /* Location.swift in Sources */,
				E9E97D9435E71A5FB03C32C2 /* Bool+then.swift in Sources */,
				E154D26E2C984A22004751CF /* AVPlayer+callStartTone.swift in Sources */,
				E9E972ED7746A4DADA73309F /* Bool+else.swift in Sources */,
				E9E97ACB93E9A4DBEC1906D6 /* CLLocation+init.swift in Sources */,
				E1CF03362C605A2200A5F303 /* ConcurrentMutableSet.swift in Sources */,
				E9E97D987307335B79C9339E /* LocationController.swift in Sources */,
				E9E97293EE5E7BBDD50F4281 /* JSONEncoder+shared.swift in Sources */,
				E9E977563F415BA3CF2FCDAA /* Font+tower.swift in Sources */,
				E9E977BE52440D6C568D87BA /* View+if.swift in Sources */,
				E1DF7A922CEA645C000498C0 /* CallQualityData.swift in Sources */,
				E9E979C728D84904A56D8864 /* View+ifNotNil.swift in Sources */,
				E154D26C2C984942004751CF /* AVPlayer+callRingbackTone.swift in Sources */,
				E9E97F16E513CFDC104779A8 /* View+hidden.swift in Sources */,
			);
			runOnlyForDeploymentPostprocessing = 0;
		};
/* End PBXSourcesBuildPhase section */

/* Begin PBXTargetDependency section */
		E9E978E839CCF5C500454122 /* PBXTargetDependency */ = {
			isa = PBXTargetDependency;
			target = E9E9788D0F6AB5A2D5ECD54C /* Tower_iOS */;
			targetProxy = E9E9750DEC81D23AA267C004 /* PBXContainerItemProxy */;
		};
		E9E97AFC7FEB5200597A42A8 /* PBXTargetDependency */ = {
			isa = PBXTargetDependency;
			target = E9E9788D0F6AB5A2D5ECD54C /* Tower_iOS */;
			targetProxy = E9E9794E7F3FC655CB1AE9E1 /* PBXContainerItemProxy */;
		};
/* End PBXTargetDependency section */

/* Begin XCBuildConfiguration section */
		E9E977FB873B480A14D47AE5 /* Release */ = {
			isa = XCBuildConfiguration;
			buildSettings = {
				ALWAYS_SEARCH_USER_PATHS = NO;
				CLANG_ANALYZER_NONNULL = YES;
				CLANG_ANALYZER_NUMBER_OBJECT_CONVERSION = YES_AGGRESSIVE;
				CLANG_CXX_LANGUAGE_STANDARD = "gnu++20";
				CLANG_ENABLE_MODULES = YES;
				CLANG_ENABLE_OBJC_ARC = YES;
				CLANG_ENABLE_OBJC_WEAK = YES;
				CLANG_WARN_BLOCK_CAPTURE_AUTORELEASING = YES;
				CLANG_WARN_BOOL_CONVERSION = YES;
				CLANG_WARN_COMMA = YES;
				CLANG_WARN_CONSTANT_CONVERSION = YES;
				CLANG_WARN_DEPRECATED_OBJC_IMPLEMENTATIONS = YES;
				CLANG_WARN_DIRECT_OBJC_ISA_USAGE = YES_ERROR;
				CLANG_WARN_DOCUMENTATION_COMMENTS = YES;
				CLANG_WARN_EMPTY_BODY = YES;
				CLANG_WARN_ENUM_CONVERSION = YES;
				CLANG_WARN_INFINITE_RECURSION = YES;
				CLANG_WARN_INT_CONVERSION = YES;
				CLANG_WARN_NON_LITERAL_NULL_CONVERSION = YES;
				CLANG_WARN_OBJC_IMPLICIT_RETAIN_SELF = YES;
				CLANG_WARN_OBJC_LITERAL_CONVERSION = YES;
				CLANG_WARN_OBJC_ROOT_CLASS = YES_ERROR;
				CLANG_WARN_QUOTED_INCLUDE_IN_FRAMEWORK_HEADER = YES;
				CLANG_WARN_RANGE_LOOP_ANALYSIS = YES;
				CLANG_WARN_STRICT_PROTOTYPES = YES;
				CLANG_WARN_SUSPICIOUS_MOVE = YES;
				CLANG_WARN_UNGUARDED_AVAILABILITY = YES_AGGRESSIVE;
				CLANG_WARN_UNREACHABLE_CODE = YES;
				CLANG_WARN__DUPLICATE_METHOD_MATCH = YES;
				COPY_PHASE_STRIP = NO;
				DEBUG_INFORMATION_FORMAT = "dwarf-with-dsym";
				ENABLE_NS_ASSERTIONS = NO;
				ENABLE_STRICT_OBJC_MSGSEND = YES;
				GCC_C_LANGUAGE_STANDARD = gnu11;
				GCC_NO_COMMON_BLOCKS = YES;
				GCC_WARN_64_TO_32_BIT_CONVERSION = YES;
				GCC_WARN_ABOUT_RETURN_TYPE = YES_ERROR;
				GCC_WARN_UNDECLARED_SELECTOR = YES;
				GCC_WARN_UNINITIALIZED_AUTOS = YES_AGGRESSIVE;
				GCC_WARN_UNUSED_FUNCTION = YES;
				GCC_WARN_UNUSED_VARIABLE = YES;
				IPHONEOS_DEPLOYMENT_TARGET = 17.2;
				MTL_ENABLE_DEBUG_INFO = NO;
				MTL_FAST_MATH = YES;
				SDKROOT = iphoneos;
				SWIFT_COMPILATION_MODE = wholemodule;
				SWIFT_OPTIMIZATION_LEVEL = "-O";
				VALIDATE_PRODUCT = YES;
			};
			name = Release;
		};
		E9E9781DBDB13E9ACD0360C2 /* Debug */ = {
			isa = XCBuildConfiguration;
			baseConfigurationReference = 7346C2F2FD761E0BC62D7F3C /* Pods-Tower_iOSTests.debug.xcconfig */;
			buildSettings = {
				BUNDLE_LOADER = "$(BUILT_PRODUCTS_DIR)/Tower_iOS.app/Tower_iOS";
				CURRENT_PROJECT_VERSION = 1;
				FRAMEWORK_SEARCH_PATHS = "$(inherited)";
				GENERATE_INFOPLIST_FILE = YES;
				MARKETING_VERSION = 1.0;
				PRODUCT_BUNDLE_IDENTIFIER = "media.valo.Tower-iOSTests";
				PRODUCT_NAME = "$(TARGET_NAME)";
				SWIFT_EMIT_LOC_STRINGS = NO;
				SWIFT_VERSION = 5.0;
				TARGETED_DEVICE_FAMILY = "1,2";
				TEST_HOST = "$(BUNDLE_LOADER)";
			};
			name = Debug;
		};
		E9E979FF4F32CEAE46E328EB /* Debug */ = {
			isa = XCBuildConfiguration;
			buildSettings = {
				ALWAYS_SEARCH_USER_PATHS = NO;
				CLANG_ANALYZER_NONNULL = YES;
				CLANG_ANALYZER_NUMBER_OBJECT_CONVERSION = YES_AGGRESSIVE;
				CLANG_CXX_LANGUAGE_STANDARD = "gnu++20";
				CLANG_ENABLE_MODULES = YES;
				CLANG_ENABLE_OBJC_ARC = YES;
				CLANG_ENABLE_OBJC_WEAK = YES;
				CLANG_WARN_BLOCK_CAPTURE_AUTORELEASING = YES;
				CLANG_WARN_BOOL_CONVERSION = YES;
				CLANG_WARN_COMMA = YES;
				CLANG_WARN_CONSTANT_CONVERSION = YES;
				CLANG_WARN_DEPRECATED_OBJC_IMPLEMENTATIONS = YES;
				CLANG_WARN_DIRECT_OBJC_ISA_USAGE = YES_ERROR;
				CLANG_WARN_DOCUMENTATION_COMMENTS = YES;
				CLANG_WARN_EMPTY_BODY = YES;
				CLANG_WARN_ENUM_CONVERSION = YES;
				CLANG_WARN_INFINITE_RECURSION = YES;
				CLANG_WARN_INT_CONVERSION = YES;
				CLANG_WARN_NON_LITERAL_NULL_CONVERSION = YES;
				CLANG_WARN_OBJC_IMPLICIT_RETAIN_SELF = YES;
				CLANG_WARN_OBJC_LITERAL_CONVERSION = YES;
				CLANG_WARN_OBJC_ROOT_CLASS = YES_ERROR;
				CLANG_WARN_QUOTED_INCLUDE_IN_FRAMEWORK_HEADER = YES;
				CLANG_WARN_RANGE_LOOP_ANALYSIS = YES;
				CLANG_WARN_STRICT_PROTOTYPES = YES;
				CLANG_WARN_SUSPICIOUS_MOVE = YES;
				CLANG_WARN_UNGUARDED_AVAILABILITY = YES_AGGRESSIVE;
				CLANG_WARN_UNREACHABLE_CODE = YES;
				CLANG_WARN__DUPLICATE_METHOD_MATCH = YES;
				COPY_PHASE_STRIP = NO;
				DEBUG_INFORMATION_FORMAT = dwarf;
				ENABLE_STRICT_OBJC_MSGSEND = YES;
				ENABLE_TESTABILITY = YES;
				GCC_C_LANGUAGE_STANDARD = gnu11;
				GCC_DYNAMIC_NO_PIC = NO;
				GCC_NO_COMMON_BLOCKS = YES;
				GCC_OPTIMIZATION_LEVEL = 0;
				GCC_PREPROCESSOR_DEFINITIONS = (
					"DEBUG=1",
					"$(inherited)",
				);
				GCC_WARN_64_TO_32_BIT_CONVERSION = YES;
				GCC_WARN_ABOUT_RETURN_TYPE = YES_ERROR;
				GCC_WARN_UNDECLARED_SELECTOR = YES;
				GCC_WARN_UNINITIALIZED_AUTOS = YES_AGGRESSIVE;
				GCC_WARN_UNUSED_FUNCTION = YES;
				GCC_WARN_UNUSED_VARIABLE = YES;
				IPHONEOS_DEPLOYMENT_TARGET = 17.2;
				MTL_ENABLE_DEBUG_INFO = INCLUDE_SOURCE;
				MTL_FAST_MATH = YES;
				ONLY_ACTIVE_ARCH = YES;
				SDKROOT = iphoneos;
				SWIFT_ACTIVE_COMPILATION_CONDITIONS = DEBUG;
				SWIFT_OPTIMIZATION_LEVEL = "-Onone";
			};
			name = Debug;
		};
		E9E97B07AEEE10A6AB71926F /* Release */ = {
			isa = XCBuildConfiguration;
			baseConfigurationReference = CEFF2F75F52C4766E1426D1E /* Pods-Tower_iOSTests.release.xcconfig */;
			buildSettings = {
				BUNDLE_LOADER = "$(BUILT_PRODUCTS_DIR)/Tower_iOS.app/Tower_iOS";
				CURRENT_PROJECT_VERSION = 1;
				FRAMEWORK_SEARCH_PATHS = "$(inherited)";
				GENERATE_INFOPLIST_FILE = YES;
				MARKETING_VERSION = 1.0;
				PRODUCT_BUNDLE_IDENTIFIER = "media.valo.Tower-iOSTests";
				PRODUCT_NAME = "$(TARGET_NAME)";
				SWIFT_EMIT_LOC_STRINGS = NO;
				SWIFT_VERSION = 5.0;
				TARGETED_DEVICE_FAMILY = "1,2";
				TEST_HOST = "$(BUNDLE_LOADER)";
			};
			name = Release;
		};
		E9E97BB4E1155C696ED9AFFC /* Release */ = {
			isa = XCBuildConfiguration;
			baseConfigurationReference = 4B2E95B1078D44113E343532 /* Pods-Tower_iOS.release.xcconfig */;
			buildSettings = {
				ASSETCATALOG_COMPILER_APPICON_NAME = AppIcon;
				ASSETCATALOG_COMPILER_GLOBAL_ACCENT_COLOR_NAME = AccentColor;
				CURRENT_PROJECT_VERSION = 22;
				DEVELOPMENT_ASSET_PATHS = "\"Tower_iOS/Preview Content\"";
				DEVELOPMENT_TEAM = PKW2VF887G;
				ENABLE_PREVIEWS = YES;
				FRAMEWORK_SEARCH_PATHS = "$(inherited)";
				GENERATE_INFOPLIST_FILE = YES;
				INFOPLIST_FILE = "Tower_iOS/Tower-iOS-Info.plist";
				INFOPLIST_KEY_CFBundleDisplayName = "Tower Fernassistenz";
				INFOPLIST_KEY_LSApplicationCategoryType = "public.app-category.lifestyle";
				INFOPLIST_KEY_NSCameraUsageDescription = "Diese App benutzt die Kamera, um den Assistent:innen die Umgebung zu zeigen.";
				INFOPLIST_KEY_NSLocalNetworkUsageDescription = "Hiermit kannst du dich mit drahtlosen Kopfhörern oder Freisprecheinrichtungen verbinden.";
				INFOPLIST_KEY_NSLocationWhenInUseUsageDescription = "Diese App benutzt Ortungsdienste, um den Assistent:innen den aktuellen Standort mitzuteilen.";
				INFOPLIST_KEY_NSMicrophoneUsageDescription = "Diese App benutzt das Mikrofon, um die Kommunikation mit den Assistent:innen zu ermöglichen.";
				INFOPLIST_KEY_UIApplicationSceneManifest_Generation = YES;
				INFOPLIST_KEY_UIApplicationSupportsIndirectInputEvents = YES;
				INFOPLIST_KEY_UILaunchScreen_Generation = YES;
				INFOPLIST_KEY_UISupportedInterfaceOrientations_iPad = "UIInterfaceOrientationPortrait UIInterfaceOrientationPortraitUpsideDown UIInterfaceOrientationLandscapeLeft UIInterfaceOrientationLandscapeRight";
				INFOPLIST_KEY_UISupportedInterfaceOrientations_iPhone = "UIInterfaceOrientationPortrait UIInterfaceOrientationLandscapeLeft UIInterfaceOrientationLandscapeRight";
				IPHONEOS_DEPLOYMENT_TARGET = 16.2;
				LD_RUNPATH_SEARCH_PATHS = (
					"$(inherited)",
					"@executable_path/Frameworks",
				);
				MARKETING_VERSION = 0.6.0;
				OTHER_LDFLAGS = "$(inherited)";
				PRODUCT_BUNDLE_IDENTIFIER = "media.valo.Tower-iOS";
				PRODUCT_NAME = "$(TARGET_NAME)";
				SWIFT_EMIT_LOC_STRINGS = YES;
				SWIFT_VERSION = 5.0;
				TARGETED_DEVICE_FAMILY = "1,2";
			};
			name = Release;
		};
		E9E97BEFB4A72DACE4577BC7 /* Release */ = {
			isa = XCBuildConfiguration;
			baseConfigurationReference = 12951A18D2A6A277AC687368 /* Pods-Tower_iOS-Tower_iOSUITests.release.xcconfig */;
			buildSettings = {
				CURRENT_PROJECT_VERSION = 1;
				DEVELOPMENT_TEAM = PKW2VF887G;
				FRAMEWORK_SEARCH_PATHS = "$(inherited)";
				GENERATE_INFOPLIST_FILE = YES;
				MARKETING_VERSION = 1.0;
				PRODUCT_BUNDLE_IDENTIFIER = "media.valo.Tower-iOSUITests";
				PRODUCT_NAME = "$(TARGET_NAME)";
				SWIFT_EMIT_LOC_STRINGS = NO;
				SWIFT_VERSION = 5.0;
				TARGETED_DEVICE_FAMILY = "1,2";
				TEST_TARGET_NAME = Tower_iOS;
			};
			name = Release;
		};
		E9E97CA04B810F9000BDF5B4 /* Debug */ = {
			isa = XCBuildConfiguration;
			baseConfigurationReference = 7032F01BE637D423A1144679 /* Pods-Tower_iOS.debug.xcconfig */;
			buildSettings = {
				ASSETCATALOG_COMPILER_APPICON_NAME = AppIcon;
				ASSETCATALOG_COMPILER_GLOBAL_ACCENT_COLOR_NAME = AccentColor;
				CURRENT_PROJECT_VERSION = 22;
				DEVELOPMENT_ASSET_PATHS = "\"Tower_iOS/Preview Content\"";
				DEVELOPMENT_TEAM = PKW2VF887G;
				ENABLE_PREVIEWS = YES;
				FRAMEWORK_SEARCH_PATHS = "$(inherited)";
				GENERATE_INFOPLIST_FILE = YES;
				INFOPLIST_FILE = "Tower_iOS/Tower-iOS-Info.plist";
				INFOPLIST_KEY_CFBundleDisplayName = "Tower Fernassistenz";
				INFOPLIST_KEY_LSApplicationCategoryType = "public.app-category.lifestyle";
				INFOPLIST_KEY_NSCameraUsageDescription = "Diese App benutzt die Kamera, um den Assistent:innen die Umgebung zu zeigen.";
				INFOPLIST_KEY_NSLocalNetworkUsageDescription = "Hiermit kannst du dich mit drahtlosen Kopfhörern oder Freisprecheinrichtungen verbinden.";
				INFOPLIST_KEY_NSLocationWhenInUseUsageDescription = "Diese App benutzt Ortungsdienste, um den Assistent:innen den aktuellen Standort mitzuteilen.";
				INFOPLIST_KEY_NSMicrophoneUsageDescription = "Diese App benutzt das Mikrofon, um die Kommunikation mit den Assistent:innen zu ermöglichen.";
				INFOPLIST_KEY_UIApplicationSceneManifest_Generation = YES;
				INFOPLIST_KEY_UIApplicationSupportsIndirectInputEvents = YES;
				INFOPLIST_KEY_UILaunchScreen_Generation = YES;
				INFOPLIST_KEY_UISupportedInterfaceOrientations_iPad = "UIInterfaceOrientationPortrait UIInterfaceOrientationPortraitUpsideDown UIInterfaceOrientationLandscapeLeft UIInterfaceOrientationLandscapeRight";
				INFOPLIST_KEY_UISupportedInterfaceOrientations_iPhone = "UIInterfaceOrientationPortrait UIInterfaceOrientationLandscapeLeft UIInterfaceOrientationLandscapeRight";
				IPHONEOS_DEPLOYMENT_TARGET = 16.2;
				LD_RUNPATH_SEARCH_PATHS = (
					"$(inherited)",
					"@executable_path/Frameworks",
				);
				MARKETING_VERSION = 0.6.0;
				OTHER_LDFLAGS = "$(inherited)";
				PRODUCT_BUNDLE_IDENTIFIER = "media.valo.Tower-iOS";
				PRODUCT_NAME = "$(TARGET_NAME)";
				SWIFT_EMIT_LOC_STRINGS = YES;
				SWIFT_VERSION = 5.0;
				TARGETED_DEVICE_FAMILY = "1,2";
			};
			name = Debug;
		};
		E9E97F8ABB4C2130CCE9F14B /* Debug */ = {
			isa = XCBuildConfiguration;
			baseConfigurationReference = 75B30FDC1EE6B526BC5105B6 /* Pods-Tower_iOS-Tower_iOSUITests.debug.xcconfig */;
			buildSettings = {
				CURRENT_PROJECT_VERSION = 1;
				DEVELOPMENT_TEAM = PKW2VF887G;
				FRAMEWORK_SEARCH_PATHS = "$(inherited)";
				GENERATE_INFOPLIST_FILE = YES;
				MARKETING_VERSION = 1.0;
				PRODUCT_BUNDLE_IDENTIFIER = "media.valo.Tower-iOSUITests";
				PRODUCT_NAME = "$(TARGET_NAME)";
				SWIFT_EMIT_LOC_STRINGS = NO;
				SWIFT_VERSION = 5.0;
				TARGETED_DEVICE_FAMILY = "1,2";
				TEST_TARGET_NAME = Tower_iOS;
			};
			name = Debug;
		};
/* End XCBuildConfiguration section */

/* Begin XCConfigurationList section */
		E9E970F6DA87A4BAAFC4B611 /* Build configuration list for PBXProject "Tower_iOS" */ = {
			isa = XCConfigurationList;
			buildConfigurations = (
				E9E979FF4F32CEAE46E328EB /* Debug */,
				E9E977FB873B480A14D47AE5 /* Release */,
			);
			defaultConfigurationIsVisible = 0;
			defaultConfigurationName = Release;
		};
		E9E9787530163BCF908D981F /* Build configuration list for PBXNativeTarget "Tower_iOSUITests" */ = {
			isa = XCConfigurationList;
			buildConfigurations = (
				E9E97F8ABB4C2130CCE9F14B /* Debug */,
				E9E97BEFB4A72DACE4577BC7 /* Release */,
			);
			defaultConfigurationIsVisible = 0;
			defaultConfigurationName = Release;
		};
		E9E97BAEACB49C788B2532C5 /* Build configuration list for PBXNativeTarget "Tower_iOS" */ = {
			isa = XCConfigurationList;
			buildConfigurations = (
				E9E97CA04B810F9000BDF5B4 /* Debug */,
				E9E97BB4E1155C696ED9AFFC /* Release */,
			);
			defaultConfigurationIsVisible = 0;
			defaultConfigurationName = Release;
		};
		E9E97CF6A7D13419B527A1EF /* Build configuration list for PBXNativeTarget "Tower_iOSTests" */ = {
			isa = XCConfigurationList;
			buildConfigurations = (
				E9E9781DBDB13E9ACD0360C2 /* Debug */,
				E9E97B07AEEE10A6AB71926F /* Release */,
			);
			defaultConfigurationIsVisible = 0;
			defaultConfigurationName = Release;
		};
/* End XCConfigurationList section */

/* Begin XCRemoteSwiftPackageReference section */
		E1ECE0352C00E0490041180E /* XCRemoteSwiftPackageReference "amazon-chime-sdk-ios-spm" */ = {
			isa = XCRemoteSwiftPackageReference;
			repositoryURL = "https://github.com/aws/amazon-chime-sdk-ios-spm";
			requirement = {
				kind = exactVersion;
				version = 0.26.2;
			};
		};
/* End XCRemoteSwiftPackageReference section */

/* Begin XCSwiftPackageProductDependency section */
		E1ECE0362C00E0490041180E /* AmazonChimeSDK */ = {
			isa = XCSwiftPackageProductDependency;
			package = E1ECE0352C00E0490041180E /* XCRemoteSwiftPackageReference "amazon-chime-sdk-ios-spm" */;
			productName = AmazonChimeSDK;
		};
		E1ECE0382C00E0490041180E /* AmazonChimeSDKMachineLearning */ = {
			isa = XCSwiftPackageProductDependency;
			package = E1ECE0352C00E0490041180E /* XCRemoteSwiftPackageReference "amazon-chime-sdk-ios-spm" */;
			productName = AmazonChimeSDKMachineLearning;
		};
		E1ECE03A2C00E0490041180E /* AmazonChimeSDKMedia */ = {
			isa = XCSwiftPackageProductDependency;
			package = E1ECE0352C00E0490041180E /* XCRemoteSwiftPackageReference "amazon-chime-sdk-ios-spm" */;
			productName = AmazonChimeSDKMedia;
		};
/* End XCSwiftPackageProductDependency section */
	};
	rootObject = E9E970CF23B28B42EF6060D8 /* Project object */;
}
